// !$*UTF8*$!
{
	archiveVersion = 1;
	classes = {
	};
	objectVersion = 56;
	objects = {

/* Begin PBXBuildFile section */
		8103E7552A61471F00FA53D0 /* MapSearchBar.swift in Sources */ = {isa = PBXBuildFile; fileRef = 8103E7542A61471F00FA53D0 /* MapSearchBar.swift */; };
		8103E7572A61476600FA53D0 /* MapFilter.swift in Sources */ = {isa = PBXBuildFile; fileRef = 8103E7562A61476600FA53D0 /* MapFilter.swift */; };
		8103E7592A61477300FA53D0 /* MapMenu.swift in Sources */ = {isa = PBXBuildFile; fileRef = 8103E7582A61477300FA53D0 /* MapMenu.swift */; };
		8103E75B2A61686900FA53D0 /* CloseButton.swift in Sources */ = {isa = PBXBuildFile; fileRef = 8103E75A2A61686900FA53D0 /* CloseButton.swift */; };
		8103E75F2A61A1C300FA53D0 /* AccountView.swift in Sources */ = {isa = PBXBuildFile; fileRef = 8103E75E2A61A1C300FA53D0 /* AccountView.swift */; };
		8103E7612A61AE6A00FA53D0 /* AccountMenu.swift in Sources */ = {isa = PBXBuildFile; fileRef = 8103E7602A61AE6A00FA53D0 /* AccountMenu.swift */; };
		8103E7632A61B60C00FA53D0 /* UserView.swift in Sources */ = {isa = PBXBuildFile; fileRef = 8103E7622A61B60C00FA53D0 /* UserView.swift */; };
		8111B2852A5DE8640038DD53 /* MainView.swift in Sources */ = {isa = PBXBuildFile; fileRef = 8111B2842A5DE8640038DD53 /* MainView.swift */; };
		8136D12129D6C7220025D489 /* MapViewModel.swift in Sources */ = {isa = PBXBuildFile; fileRef = 8136D12029D6C7220025D489 /* MapViewModel.swift */; };
		8152677A2A695CB80074ED1A /* CollectionView.swift in Sources */ = {isa = PBXBuildFile; fileRef = 815267792A695CB80074ED1A /* CollectionView.swift */; };
		8152677C2A69710A0074ED1A /* CollectionDetailedView.swift in Sources */ = {isa = PBXBuildFile; fileRef = 8152677B2A69710A0074ED1A /* CollectionDetailedView.swift */; };
		8152677E2A697E4D0074ED1A /* CollectionBlockView.swift in Sources */ = {isa = PBXBuildFile; fileRef = 8152677D2A697E4D0074ED1A /* CollectionBlockView.swift */; };
		815267802A698A630074ED1A /* AddUpdateCollectionView.swift in Sources */ = {isa = PBXBuildFile; fileRef = 8152677F2A698A630074ED1A /* AddUpdateCollectionView.swift */; };
		815267832A6AAE260074ED1A /* AddUpdateBlockView.swift in Sources */ = {isa = PBXBuildFile; fileRef = 815267822A6AAE260074ED1A /* AddUpdateBlockView.swift */; };
		815267852A6AB0AD0074ED1A /* WrecksListView.swift in Sources */ = {isa = PBXBuildFile; fileRef = 815267842A6AB0AD0074ED1A /* WrecksListView.swift */; };
		815267872A6AB2310074ED1A /* WreckView.swift in Sources */ = {isa = PBXBuildFile; fileRef = 815267862A6AB2310074ED1A /* WreckView.swift */; };
		8154A5EA2A5FF4CC00395076 /* LoginView.swift in Sources */ = {isa = PBXBuildFile; fileRef = 8154A5E92A5FF4CC00395076 /* LoginView.swift */; };
		8154A5EC2A5FF4E300395076 /* ForgotPasswordView.swift in Sources */ = {isa = PBXBuildFile; fileRef = 8154A5EB2A5FF4E300395076 /* ForgotPasswordView.swift */; };
		8154A5EE2A5FF4F300395076 /* CreateAccountView.swift in Sources */ = {isa = PBXBuildFile; fileRef = 8154A5ED2A5FF4F300395076 /* CreateAccountView.swift */; };
		8154A5F22A5FF56000395076 /* AuthenticationViewModel.swift in Sources */ = {isa = PBXBuildFile; fileRef = 8154A5F12A5FF56000395076 /* AuthenticationViewModel.swift */; };
		8154A5F72A60038D00395076 /* LinearBackgroundColor.swift in Sources */ = {isa = PBXBuildFile; fileRef = 8154A5F42A60038D00395076 /* LinearBackgroundColor.swift */; };
		8154A5F92A60038D00395076 /* GlassyFontModifier.swift in Sources */ = {isa = PBXBuildFile; fileRef = 8154A5F62A60038D00395076 /* GlassyFontModifier.swift */; };
		8154A5FD2A600E9C00395076 /* NeonTextFieldModifier.swift in Sources */ = {isa = PBXBuildFile; fileRef = 8154A5FC2A600E9C00395076 /* NeonTextFieldModifier.swift */; };
		816E9FBD29CAF74E00C3BC0F /* WreckpointerApp.swift in Sources */ = {isa = PBXBuildFile; fileRef = 816E9FBC29CAF74E00C3BC0F /* WreckpointerApp.swift */; };
		816E9FC129CAF75000C3BC0F /* Assets.xcassets in Resources */ = {isa = PBXBuildFile; fileRef = 816E9FC029CAF75000C3BC0F /* Assets.xcassets */; };
		816E9FC429CAF75000C3BC0F /* Preview Assets.xcassets in Resources */ = {isa = PBXBuildFile; fileRef = 816E9FC329CAF75000C3BC0F /* Preview Assets.xcassets */; };
		816E9FDD29CAF78300C3BC0F /* MapView.swift in Sources */ = {isa = PBXBuildFile; fileRef = 816E9FCC29CAF78300C3BC0F /* MapView.swift */; };
		817343042A63EFB600E92F6D /* WrecksService.swift in Sources */ = {isa = PBXBuildFile; fileRef = 817343032A63EFB600E92F6D /* WrecksService.swift */; };
		817343082A63F1AE00E92F6D /* WrecksViewModel.swift in Sources */ = {isa = PBXBuildFile; fileRef = 817343072A63F1AE00E92F6D /* WrecksViewModel.swift */; };
		8173430A2A6415A800E92F6D /* MapPinEnum.swift in Sources */ = {isa = PBXBuildFile; fileRef = 817343092A6415A800E92F6D /* MapPinEnum.swift */; };
		817343102A64292D00E92F6D /* DoubleExtensions.swift in Sources */ = {isa = PBXBuildFile; fileRef = 8173430F2A64292D00E92F6D /* DoubleExtensions.swift */; };
		81899BBD2A62C9530053F042 /* AddUpdateWreck.swift in Sources */ = {isa = PBXBuildFile; fileRef = 81899BBC2A62C9530053F042 /* AddUpdateWreck.swift */; };
		81899BC12A6302F10053F042 /* MapSettings.swift in Sources */ = {isa = PBXBuildFile; fileRef = 81899BC02A6302F10053F042 /* MapSettings.swift */; };
		81899BC32A6305220053F042 /* StoriesButton.swift in Sources */ = {isa = PBXBuildFile; fileRef = 81899BC22A6305220053F042 /* StoriesButton.swift */; };
		81899BC52A6314C90053F042 /* BorderButtonModifier.swift in Sources */ = {isa = PBXBuildFile; fileRef = 81899BC42A6314C90053F042 /* BorderButtonModifier.swift */; };
		81899BCB2A631C330053F042 /* MapScales.swift in Sources */ = {isa = PBXBuildFile; fileRef = 81899BCA2A631C330053F042 /* MapScales.swift */; };
		81AB027F2A5ED0A1006AAD5E /* WrecksCoreDataManager.swift in Sources */ = {isa = PBXBuildFile; fileRef = 81AB027E2A5ED0A1006AAD5E /* WrecksCoreDataManager.swift */; };
		81AB02842A5EF9D5006AAD5E /* WreckpointerContainer.xcdatamodeld in Sources */ = {isa = PBXBuildFile; fileRef = 81AB02822A5EF9D5006AAD5E /* WreckpointerContainer.xcdatamodeld */; };
		81AB02862A5EFBCE006AAD5E /* CoreDataService.swift in Sources */ = {isa = PBXBuildFile; fileRef = 81AB02852A5EFBCE006AAD5E /* CoreDataService.swift */; };
		81B6D0F62A601D4A00B5978F /* StringExtensions.swift in Sources */ = {isa = PBXBuildFile; fileRef = 81B6D0F52A601D4A00B5978F /* StringExtensions.swift */; };
		81B6D0FA2A6079A200B5978F /* MapOverlayView.swift in Sources */ = {isa = PBXBuildFile; fileRef = 81B6D0F92A6079A200B5978F /* MapOverlayView.swift */; };
		81B6D0FE2A60A3DA00B5978F /* MapPinView.swift in Sources */ = {isa = PBXBuildFile; fileRef = 81B6D0FD2A60A3DA00B5978F /* MapPinView.swift */; };
		81BAF17F2A65A91F007C4F8A /* CollectionsView.swift in Sources */ = {isa = PBXBuildFile; fileRef = 81BAF17E2A65A91F007C4F8A /* CollectionsView.swift */; };
		81BAF1812A65AE49007C4F8A /* CollectionsService.swift in Sources */ = {isa = PBXBuildFile; fileRef = 81BAF1802A65AE49007C4F8A /* CollectionsService.swift */; };
		81BAF1842A65AF9E007C4F8A /* Collection.swift in Sources */ = {isa = PBXBuildFile; fileRef = 81BAF1832A65AF9E007C4F8A /* Collection.swift */; };
		81BAF1882A65AFB9007C4F8A /* Block.swift in Sources */ = {isa = PBXBuildFile; fileRef = 81BAF1872A65AFB9007C4F8A /* Block.swift */; };
		81BAF18A2A65C6D8007C4F8A /* CollectionsViewModel.swift in Sources */ = {isa = PBXBuildFile; fileRef = 81BAF1892A65C6D8007C4F8A /* CollectionsViewModel.swift */; };
		81C84FD82A5C6C78004D01B2 /* AuthorizationManager.swift in Sources */ = {isa = PBXBuildFile; fileRef = 81C84FD52A5C6C78004D01B2 /* AuthorizationManager.swift */; };
		81C84FD92A5C6C78004D01B2 /* JSONDataCoder.swift in Sources */ = {isa = PBXBuildFile; fileRef = 81C84FD62A5C6C78004D01B2 /* JSONDataCoder.swift */; };
		81C84FDA2A5C6C78004D01B2 /* HTTPRequestManager.swift in Sources */ = {isa = PBXBuildFile; fileRef = 81C84FD72A5C6C78004D01B2 /* HTTPRequestManager.swift */; };
		81C84FDF2A5C6D6C004D01B2 /* URLRoutes.swift in Sources */ = {isa = PBXBuildFile; fileRef = 81C84FDE2A5C6D6C004D01B2 /* URLRoutes.swift */; };
		81C84FE12A5C6DA3004D01B2 /* UserService.swift in Sources */ = {isa = PBXBuildFile; fileRef = 81C84FE02A5C6DA3004D01B2 /* UserService.swift */; };
		81C84FE32A5C6DAC004D01B2 /* WrecksLoader.swift in Sources */ = {isa = PBXBuildFile; fileRef = 81C84FE22A5C6DAC004D01B2 /* WrecksLoader.swift */; };
		81E0E7652A5D5F6800645AF0 /* User.swift in Sources */ = {isa = PBXBuildFile; fileRef = 81E0E7642A5D5F6800645AF0 /* User.swift */; };
		81E0E7672A5D7A7C00645AF0 /* Wreck.swift in Sources */ = {isa = PBXBuildFile; fileRef = 81E0E7662A5D7A7C00645AF0 /* Wreck.swift */; };
		81E0E7692A5D80F000645AF0 /* WreckTypesEnum.swift in Sources */ = {isa = PBXBuildFile; fileRef = 81E0E7682A5D80F000645AF0 /* WreckTypesEnum.swift */; };
		81E0E76B2A5D810300645AF0 /* WreckCausesEnum.swift in Sources */ = {isa = PBXBuildFile; fileRef = 81E0E76A2A5D810300645AF0 /* WreckCausesEnum.swift */; };
		81E7102B29D9CB58008724FA /* PhotosPickerView.swift in Sources */ = {isa = PBXBuildFile; fileRef = 81E7102A29D9CB58008724FA /* PhotosPickerView.swift */; };
/* End PBXBuildFile section */

/* Begin PBXFileReference section */
		8103E7542A61471F00FA53D0 /* MapSearchBar.swift */ = {isa = PBXFileReference; lastKnownFileType = sourcecode.swift; path = MapSearchBar.swift; sourceTree = "<group>"; };
		8103E7562A61476600FA53D0 /* MapFilter.swift */ = {isa = PBXFileReference; lastKnownFileType = sourcecode.swift; path = MapFilter.swift; sourceTree = "<group>"; };
		8103E7582A61477300FA53D0 /* MapMenu.swift */ = {isa = PBXFileReference; lastKnownFileType = sourcecode.swift; path = MapMenu.swift; sourceTree = "<group>"; };
		8103E75A2A61686900FA53D0 /* CloseButton.swift */ = {isa = PBXFileReference; lastKnownFileType = sourcecode.swift; path = CloseButton.swift; sourceTree = "<group>"; };
		8103E75E2A61A1C300FA53D0 /* AccountView.swift */ = {isa = PBXFileReference; lastKnownFileType = sourcecode.swift; path = AccountView.swift; sourceTree = "<group>"; };
		8103E7602A61AE6A00FA53D0 /* AccountMenu.swift */ = {isa = PBXFileReference; lastKnownFileType = sourcecode.swift; path = AccountMenu.swift; sourceTree = "<group>"; };
		8103E7622A61B60C00FA53D0 /* UserView.swift */ = {isa = PBXFileReference; lastKnownFileType = sourcecode.swift; path = UserView.swift; sourceTree = "<group>"; };
		8111B2842A5DE8640038DD53 /* MainView.swift */ = {isa = PBXFileReference; lastKnownFileType = sourcecode.swift; path = MainView.swift; sourceTree = "<group>"; };
		8136D12029D6C7220025D489 /* MapViewModel.swift */ = {isa = PBXFileReference; lastKnownFileType = sourcecode.swift; path = MapViewModel.swift; sourceTree = "<group>"; };
		815267792A695CB80074ED1A /* CollectionView.swift */ = {isa = PBXFileReference; lastKnownFileType = sourcecode.swift; path = CollectionView.swift; sourceTree = "<group>"; };
		8152677B2A69710A0074ED1A /* CollectionDetailedView.swift */ = {isa = PBXFileReference; lastKnownFileType = sourcecode.swift; path = CollectionDetailedView.swift; sourceTree = "<group>"; };
		8152677D2A697E4D0074ED1A /* CollectionBlockView.swift */ = {isa = PBXFileReference; lastKnownFileType = sourcecode.swift; path = CollectionBlockView.swift; sourceTree = "<group>"; };
		8152677F2A698A630074ED1A /* AddUpdateCollectionView.swift */ = {isa = PBXFileReference; lastKnownFileType = sourcecode.swift; path = AddUpdateCollectionView.swift; sourceTree = "<group>"; };
		815267822A6AAE260074ED1A /* AddUpdateBlockView.swift */ = {isa = PBXFileReference; lastKnownFileType = sourcecode.swift; path = AddUpdateBlockView.swift; sourceTree = "<group>"; };
		815267842A6AB0AD0074ED1A /* WrecksListView.swift */ = {isa = PBXFileReference; lastKnownFileType = sourcecode.swift; path = WrecksListView.swift; sourceTree = "<group>"; };
		815267862A6AB2310074ED1A /* WreckView.swift */ = {isa = PBXFileReference; lastKnownFileType = sourcecode.swift; path = WreckView.swift; sourceTree = "<group>"; };
		8154A5E92A5FF4CC00395076 /* LoginView.swift */ = {isa = PBXFileReference; lastKnownFileType = sourcecode.swift; path = LoginView.swift; sourceTree = "<group>"; };
		8154A5EB2A5FF4E300395076 /* ForgotPasswordView.swift */ = {isa = PBXFileReference; lastKnownFileType = sourcecode.swift; path = ForgotPasswordView.swift; sourceTree = "<group>"; };
		8154A5ED2A5FF4F300395076 /* CreateAccountView.swift */ = {isa = PBXFileReference; lastKnownFileType = sourcecode.swift; path = CreateAccountView.swift; sourceTree = "<group>"; };
		8154A5F12A5FF56000395076 /* AuthenticationViewModel.swift */ = {isa = PBXFileReference; lastKnownFileType = sourcecode.swift; path = AuthenticationViewModel.swift; sourceTree = "<group>"; };
		8154A5F42A60038D00395076 /* LinearBackgroundColor.swift */ = {isa = PBXFileReference; fileEncoding = 4; lastKnownFileType = sourcecode.swift; path = LinearBackgroundColor.swift; sourceTree = "<group>"; };
		8154A5F62A60038D00395076 /* GlassyFontModifier.swift */ = {isa = PBXFileReference; fileEncoding = 4; lastKnownFileType = sourcecode.swift; path = GlassyFontModifier.swift; sourceTree = "<group>"; };
		8154A5FC2A600E9C00395076 /* NeonTextFieldModifier.swift */ = {isa = PBXFileReference; lastKnownFileType = sourcecode.swift; path = NeonTextFieldModifier.swift; sourceTree = "<group>"; };
		816E9FB929CAF74E00C3BC0F /* Wreckpointer.app */ = {isa = PBXFileReference; explicitFileType = wrapper.application; includeInIndex = 0; path = Wreckpointer.app; sourceTree = BUILT_PRODUCTS_DIR; };
		816E9FBC29CAF74E00C3BC0F /* WreckpointerApp.swift */ = {isa = PBXFileReference; lastKnownFileType = sourcecode.swift; path = WreckpointerApp.swift; sourceTree = "<group>"; };
		816E9FC029CAF75000C3BC0F /* Assets.xcassets */ = {isa = PBXFileReference; lastKnownFileType = folder.assetcatalog; path = Assets.xcassets; sourceTree = "<group>"; };
		816E9FC329CAF75000C3BC0F /* Preview Assets.xcassets */ = {isa = PBXFileReference; lastKnownFileType = folder.assetcatalog; path = "Preview Assets.xcassets"; sourceTree = "<group>"; };
		816E9FCC29CAF78300C3BC0F /* MapView.swift */ = {isa = PBXFileReference; fileEncoding = 4; lastKnownFileType = sourcecode.swift; path = MapView.swift; sourceTree = "<group>"; };
		816E9FE929CAF7FD00C3BC0F /* Wreckpointer.entitlements */ = {isa = PBXFileReference; lastKnownFileType = text.plist.entitlements; path = Wreckpointer.entitlements; sourceTree = "<group>"; };
		817343032A63EFB600E92F6D /* WrecksService.swift */ = {isa = PBXFileReference; lastKnownFileType = sourcecode.swift; path = WrecksService.swift; sourceTree = "<group>"; };
		817343072A63F1AE00E92F6D /* WrecksViewModel.swift */ = {isa = PBXFileReference; lastKnownFileType = sourcecode.swift; path = WrecksViewModel.swift; sourceTree = "<group>"; };
		817343092A6415A800E92F6D /* MapPinEnum.swift */ = {isa = PBXFileReference; lastKnownFileType = sourcecode.swift; path = MapPinEnum.swift; sourceTree = "<group>"; };
		8173430F2A64292D00E92F6D /* DoubleExtensions.swift */ = {isa = PBXFileReference; lastKnownFileType = sourcecode.swift; path = DoubleExtensions.swift; sourceTree = "<group>"; };
		81899BBC2A62C9530053F042 /* AddUpdateWreck.swift */ = {isa = PBXFileReference; lastKnownFileType = sourcecode.swift; path = AddUpdateWreck.swift; sourceTree = "<group>"; };
		81899BC02A6302F10053F042 /* MapSettings.swift */ = {isa = PBXFileReference; lastKnownFileType = sourcecode.swift; path = MapSettings.swift; sourceTree = "<group>"; };
		81899BC22A6305220053F042 /* StoriesButton.swift */ = {isa = PBXFileReference; lastKnownFileType = sourcecode.swift; path = StoriesButton.swift; sourceTree = "<group>"; };
		81899BC42A6314C90053F042 /* BorderButtonModifier.swift */ = {isa = PBXFileReference; lastKnownFileType = sourcecode.swift; path = BorderButtonModifier.swift; sourceTree = "<group>"; };
		81899BCA2A631C330053F042 /* MapScales.swift */ = {isa = PBXFileReference; lastKnownFileType = sourcecode.swift; path = MapScales.swift; sourceTree = "<group>"; };
		81AB027E2A5ED0A1006AAD5E /* WrecksCoreDataManager.swift */ = {isa = PBXFileReference; lastKnownFileType = sourcecode.swift; path = WrecksCoreDataManager.swift; sourceTree = "<group>"; };
		81AB02832A5EF9D5006AAD5E /* WreckpointerContainer.xcdatamodel */ = {isa = PBXFileReference; lastKnownFileType = wrapper.xcdatamodel; path = WreckpointerContainer.xcdatamodel; sourceTree = "<group>"; };
		81AB02852A5EFBCE006AAD5E /* CoreDataService.swift */ = {isa = PBXFileReference; lastKnownFileType = sourcecode.swift; path = CoreDataService.swift; sourceTree = "<group>"; };
		81B6D0F52A601D4A00B5978F /* StringExtensions.swift */ = {isa = PBXFileReference; lastKnownFileType = sourcecode.swift; path = StringExtensions.swift; sourceTree = "<group>"; };
		81B6D0F92A6079A200B5978F /* MapOverlayView.swift */ = {isa = PBXFileReference; lastKnownFileType = sourcecode.swift; path = MapOverlayView.swift; sourceTree = "<group>"; };
		81B6D0FD2A60A3DA00B5978F /* MapPinView.swift */ = {isa = PBXFileReference; lastKnownFileType = sourcecode.swift; path = MapPinView.swift; sourceTree = "<group>"; };
		81BAF17E2A65A91F007C4F8A /* CollectionsView.swift */ = {isa = PBXFileReference; lastKnownFileType = sourcecode.swift; path = CollectionsView.swift; sourceTree = "<group>"; };
		81BAF1802A65AE49007C4F8A /* CollectionsService.swift */ = {isa = PBXFileReference; lastKnownFileType = sourcecode.swift; path = CollectionsService.swift; sourceTree = "<group>"; };
		81BAF1832A65AF9E007C4F8A /* Collection.swift */ = {isa = PBXFileReference; lastKnownFileType = sourcecode.swift; path = Collection.swift; sourceTree = "<group>"; };
		81BAF1872A65AFB9007C4F8A /* Block.swift */ = {isa = PBXFileReference; lastKnownFileType = sourcecode.swift; path = Block.swift; sourceTree = "<group>"; };
		81BAF1892A65C6D8007C4F8A /* CollectionsViewModel.swift */ = {isa = PBXFileReference; lastKnownFileType = sourcecode.swift; path = CollectionsViewModel.swift; sourceTree = "<group>"; };
		81C84FD52A5C6C78004D01B2 /* AuthorizationManager.swift */ = {isa = PBXFileReference; fileEncoding = 4; lastKnownFileType = sourcecode.swift; path = AuthorizationManager.swift; sourceTree = "<group>"; };
		81C84FD62A5C6C78004D01B2 /* JSONDataCoder.swift */ = {isa = PBXFileReference; fileEncoding = 4; lastKnownFileType = sourcecode.swift; path = JSONDataCoder.swift; sourceTree = "<group>"; };
		81C84FD72A5C6C78004D01B2 /* HTTPRequestManager.swift */ = {isa = PBXFileReference; fileEncoding = 4; lastKnownFileType = sourcecode.swift; path = HTTPRequestManager.swift; sourceTree = "<group>"; };
		81C84FDE2A5C6D6C004D01B2 /* URLRoutes.swift */ = {isa = PBXFileReference; lastKnownFileType = sourcecode.swift; path = URLRoutes.swift; sourceTree = "<group>"; };
		81C84FE02A5C6DA3004D01B2 /* UserService.swift */ = {isa = PBXFileReference; lastKnownFileType = sourcecode.swift; path = UserService.swift; sourceTree = "<group>"; };
		81C84FE22A5C6DAC004D01B2 /* WrecksLoader.swift */ = {isa = PBXFileReference; lastKnownFileType = sourcecode.swift; path = WrecksLoader.swift; sourceTree = "<group>"; };
		81E0E7642A5D5F6800645AF0 /* User.swift */ = {isa = PBXFileReference; lastKnownFileType = sourcecode.swift; path = User.swift; sourceTree = "<group>"; };
		81E0E7662A5D7A7C00645AF0 /* Wreck.swift */ = {isa = PBXFileReference; lastKnownFileType = sourcecode.swift; path = Wreck.swift; sourceTree = "<group>"; };
		81E0E7682A5D80F000645AF0 /* WreckTypesEnum.swift */ = {isa = PBXFileReference; lastKnownFileType = sourcecode.swift; path = WreckTypesEnum.swift; sourceTree = "<group>"; };
		81E0E76A2A5D810300645AF0 /* WreckCausesEnum.swift */ = {isa = PBXFileReference; lastKnownFileType = sourcecode.swift; path = WreckCausesEnum.swift; sourceTree = "<group>"; };
		81E7102829D9C4C7008724FA /* Info.plist */ = {isa = PBXFileReference; lastKnownFileType = text.plist; path = Info.plist; sourceTree = "<group>"; };
		81E7102A29D9CB58008724FA /* PhotosPickerView.swift */ = {isa = PBXFileReference; lastKnownFileType = sourcecode.swift; path = PhotosPickerView.swift; sourceTree = "<group>"; };
/* End PBXFileReference section */

/* Begin PBXFrameworksBuildPhase section */
		816E9FB629CAF74E00C3BC0F /* Frameworks */ = {
			isa = PBXFrameworksBuildPhase;
			buildActionMask = 2147483647;
			files = (
			);
			runOnlyForDeploymentPostprocessing = 0;
		};
/* End PBXFrameworksBuildPhase section */

/* Begin PBXGroup section */
		8103E7512A6146D800FA53D0 /* MapOverlay */ = {
			isa = PBXGroup;
			children = (
				81B6D0F92A6079A200B5978F /* MapOverlayView.swift */,
				8103E7542A61471F00FA53D0 /* MapSearchBar.swift */,
				8103E7582A61477300FA53D0 /* MapMenu.swift */,
				8103E7562A61476600FA53D0 /* MapFilter.swift */,
				81899BC02A6302F10053F042 /* MapSettings.swift */,
				81899BC22A6305220053F042 /* StoriesButton.swift */,
			);
			name = MapOverlay;
			sourceTree = "<group>";
		};
		8111B2832A5DE67B0038DD53 /* Enums */ = {
			isa = PBXGroup;
			children = (
				81899BCA2A631C330053F042 /* MapScales.swift */,
				817343092A6415A800E92F6D /* MapPinEnum.swift */,
				81E0E7682A5D80F000645AF0 /* WreckTypesEnum.swift */,
				81E0E76A2A5D810300645AF0 /* WreckCausesEnum.swift */,
			);
			path = Enums;
			sourceTree = "<group>";
		};
		8154A5E82A5FF4AD00395076 /* AccountView */ = {
			isa = PBXGroup;
			children = (
				8103E75E2A61A1C300FA53D0 /* AccountView.swift */,
				8103E7622A61B60C00FA53D0 /* UserView.swift */,
				8154A5E92A5FF4CC00395076 /* LoginView.swift */,
				8154A5ED2A5FF4F300395076 /* CreateAccountView.swift */,
				8154A5EB2A5FF4E300395076 /* ForgotPasswordView.swift */,
				8103E7602A61AE6A00FA53D0 /* AccountMenu.swift */,
			);
			name = AccountView;
			sourceTree = "<group>";
		};
		8154A5F32A60036F00395076 /* ViewModifiers */ = {
			isa = PBXGroup;
			children = (
				8154A5F42A60038D00395076 /* LinearBackgroundColor.swift */,
				8154A5F62A60038D00395076 /* GlassyFontModifier.swift */,
				8154A5FC2A600E9C00395076 /* NeonTextFieldModifier.swift */,
				81899BC42A6314C90053F042 /* BorderButtonModifier.swift */,
			);
			name = ViewModifiers;
			sourceTree = "<group>";
		};
		816E9FB029CAF74E00C3BC0F = {
			isa = PBXGroup;
			children = (
				816E9FBB29CAF74E00C3BC0F /* Wreckpointer */,
				816E9FBA29CAF74E00C3BC0F /* Products */,
				818EA38C29D1E1F400C83951 /* Frameworks */,
			);
			sourceTree = "<group>";
		};
		816E9FBA29CAF74E00C3BC0F /* Products */ = {
			isa = PBXGroup;
			children = (
				816E9FB929CAF74E00C3BC0F /* Wreckpointer.app */,
			);
			name = Products;
			sourceTree = "<group>";
		};
		816E9FBB29CAF74E00C3BC0F /* Wreckpointer */ = {
			isa = PBXGroup;
			children = (
				816E9FBC29CAF74E00C3BC0F /* WreckpointerApp.swift */,
				816E9FCA29CAF78300C3BC0F /* Views */,
				816E9FDA29CAF78300C3BC0F /* ViewModels */,
				816E9FD729CAF78300C3BC0F /* Models */,
				8111B2832A5DE67B0038DD53 /* Enums */,
				81C84FD42A5C6B71004D01B2 /* Services */,
				81C84FD32A5C6B66004D01B2 /* Managers */,
				81B6D0F42A601D2B00B5978F /* Extensions */,
				81C84FDB2A5C6D2E004D01B2 /* Supporting */,
				816E9FE929CAF7FD00C3BC0F /* Wreckpointer.entitlements */,
				81E7102829D9C4C7008724FA /* Info.plist */,
				81AB02822A5EF9D5006AAD5E /* WreckpointerContainer.xcdatamodeld */,
			);
			path = Wreckpointer;
			sourceTree = "<group>";
		};
		816E9FC229CAF75000C3BC0F /* Preview Content */ = {
			isa = PBXGroup;
			children = (
				816E9FC329CAF75000C3BC0F /* Preview Assets.xcassets */,
			);
			path = "Preview Content";
			sourceTree = "<group>";
		};
		816E9FCA29CAF78300C3BC0F /* Views */ = {
			isa = PBXGroup;
			children = (
				8111B2842A5DE8640038DD53 /* MainView.swift */,
				816E9FCC29CAF78300C3BC0F /* MapView.swift */,
				81899BBC2A62C9530053F042 /* AddUpdateWreck.swift */,
				81BAF17B2A65A8EF007C4F8A /* CollectionsViews */,
				8154A5E82A5FF4AD00395076 /* AccountView */,
				8103E7512A6146D800FA53D0 /* MapOverlay */,
				81E7102929D9CABC008724FA /* SupportViews */,
				8154A5F32A60036F00395076 /* ViewModifiers */,
			);
			path = Views;
			sourceTree = "<group>";
		};
		816E9FD729CAF78300C3BC0F /* Models */ = {
			isa = PBXGroup;
			children = (
				81BAF1822A65AF88007C4F8A /* Collection */,
				81E0E7642A5D5F6800645AF0 /* User.swift */,
				81E0E7662A5D7A7C00645AF0 /* Wreck.swift */,
			);
			path = Models;
			sourceTree = "<group>";
		};
		816E9FDA29CAF78300C3BC0F /* ViewModels */ = {
			isa = PBXGroup;
			children = (
				8136D12029D6C7220025D489 /* MapViewModel.swift */,
				8154A5F12A5FF56000395076 /* AuthenticationViewModel.swift */,
				817343072A63F1AE00E92F6D /* WrecksViewModel.swift */,
				81BAF1892A65C6D8007C4F8A /* CollectionsViewModel.swift */,
			);
			path = ViewModels;
			sourceTree = "<group>";
		};
		818EA38C29D1E1F400C83951 /* Frameworks */ = {
			isa = PBXGroup;
			children = (
			);
			name = Frameworks;
			sourceTree = "<group>";
		};
		81B6D0F42A601D2B00B5978F /* Extensions */ = {
			isa = PBXGroup;
			children = (
				81B6D0F52A601D4A00B5978F /* StringExtensions.swift */,
				8173430F2A64292D00E92F6D /* DoubleExtensions.swift */,
			);
			path = Extensions;
			sourceTree = "<group>";
		};
		81BAF17B2A65A8EF007C4F8A /* CollectionsViews */ = {
			isa = PBXGroup;
			children = (
				81BAF17E2A65A91F007C4F8A /* CollectionsView.swift */,
				815267792A695CB80074ED1A /* CollectionView.swift */,
				8152677B2A69710A0074ED1A /* CollectionDetailedView.swift */,
				8152677D2A697E4D0074ED1A /* CollectionBlockView.swift */,
				8152677F2A698A630074ED1A /* AddUpdateCollectionView.swift */,
				815267822A6AAE260074ED1A /* AddUpdateBlockView.swift */,
				815267842A6AB0AD0074ED1A /* WrecksListView.swift */,
				815267862A6AB2310074ED1A /* WreckView.swift */,
			);
			name = CollectionsViews;
			sourceTree = "<group>";
		};
		81BAF1822A65AF88007C4F8A /* Collection */ = {
			isa = PBXGroup;
			children = (
				81BAF1832A65AF9E007C4F8A /* Collection.swift */,
				81BAF1872A65AFB9007C4F8A /* Block.swift */,
			);
			path = Collection;
			sourceTree = "<group>";
		};
		81C84FD32A5C6B66004D01B2 /* Managers */ = {
			isa = PBXGroup;
			children = (
				81AB027E2A5ED0A1006AAD5E /* WrecksCoreDataManager.swift */,
				81C84FD52A5C6C78004D01B2 /* AuthorizationManager.swift */,
				81C84FD72A5C6C78004D01B2 /* HTTPRequestManager.swift */,
				81C84FD62A5C6C78004D01B2 /* JSONDataCoder.swift */,
			);
			path = Managers;
			sourceTree = "<group>";
		};
		81C84FD42A5C6B71004D01B2 /* Services */ = {
			isa = PBXGroup;
			children = (
				81C84FE02A5C6DA3004D01B2 /* UserService.swift */,
				817343032A63EFB600E92F6D /* WrecksService.swift */,
				81C84FE22A5C6DAC004D01B2 /* WrecksLoader.swift */,
				81AB02852A5EFBCE006AAD5E /* CoreDataService.swift */,
				81BAF1802A65AE49007C4F8A /* CollectionsService.swift */,
			);
			path = Services;
			sourceTree = "<group>";
		};
		81C84FDB2A5C6D2E004D01B2 /* Supporting */ = {
			isa = PBXGroup;
			children = (
				81C84FDE2A5C6D6C004D01B2 /* URLRoutes.swift */,
				816E9FC029CAF75000C3BC0F /* Assets.xcassets */,
				816E9FC229CAF75000C3BC0F /* Preview Content */,
			);
			path = Supporting;
			sourceTree = "<group>";
		};
		81E7102929D9CABC008724FA /* SupportViews */ = {
			isa = PBXGroup;
			children = (
				8103E75A2A61686900FA53D0 /* CloseButton.swift */,
				81E7102A29D9CB58008724FA /* PhotosPickerView.swift */,
				81B6D0FD2A60A3DA00B5978F /* MapPinView.swift */,
			);
			name = SupportViews;
			sourceTree = "<group>";
		};
/* End PBXGroup section */

/* Begin PBXNativeTarget section */
		816E9FB829CAF74E00C3BC0F /* Wreckpointer */ = {
			isa = PBXNativeTarget;
			buildConfigurationList = 816E9FC729CAF75000C3BC0F /* Build configuration list for PBXNativeTarget "Wreckpointer" */;
			buildPhases = (
				816E9FB529CAF74E00C3BC0F /* Sources */,
				816E9FB629CAF74E00C3BC0F /* Frameworks */,
				816E9FB729CAF74E00C3BC0F /* Resources */,
			);
			buildRules = (
			);
			dependencies = (
			);
			name = Wreckpointer;
			packageProductDependencies = (
			);
			productName = Wreckpointer;
			productReference = 816E9FB929CAF74E00C3BC0F /* Wreckpointer.app */;
			productType = "com.apple.product-type.application";
		};
/* End PBXNativeTarget section */

/* Begin PBXProject section */
		816E9FB129CAF74E00C3BC0F /* Project object */ = {
			isa = PBXProject;
			attributes = {
				BuildIndependentTargetsInParallel = 1;
				LastSwiftUpdateCheck = 1420;
				LastUpgradeCheck = 1420;
				TargetAttributes = {
					816E9FB829CAF74E00C3BC0F = {
						CreatedOnToolsVersion = 14.2;
					};
				};
			};
			buildConfigurationList = 816E9FB429CAF74E00C3BC0F /* Build configuration list for PBXProject "Wreckpointer" */;
			compatibilityVersion = "Xcode 14.0";
			developmentRegion = en;
			hasScannedForEncodings = 0;
			knownRegions = (
				en,
				Base,
			);
			mainGroup = 816E9FB029CAF74E00C3BC0F;
			packageReferences = (
			);
			productRefGroup = 816E9FBA29CAF74E00C3BC0F /* Products */;
			projectDirPath = "";
			projectRoot = "";
			targets = (
				816E9FB829CAF74E00C3BC0F /* Wreckpointer */,
			);
		};
/* End PBXProject section */

/* Begin PBXResourcesBuildPhase section */
		816E9FB729CAF74E00C3BC0F /* Resources */ = {
			isa = PBXResourcesBuildPhase;
			buildActionMask = 2147483647;
			files = (
				816E9FC429CAF75000C3BC0F /* Preview Assets.xcassets in Resources */,
				816E9FC129CAF75000C3BC0F /* Assets.xcassets in Resources */,
			);
			runOnlyForDeploymentPostprocessing = 0;
		};
/* End PBXResourcesBuildPhase section */

/* Begin PBXSourcesBuildPhase section */
		816E9FB529CAF74E00C3BC0F /* Sources */ = {
			isa = PBXSourcesBuildPhase;
			buildActionMask = 2147483647;
			files = (
				816E9FDD29CAF78300C3BC0F /* MapView.swift in Sources */,
				8173430A2A6415A800E92F6D /* MapPinEnum.swift in Sources */,
				8154A5F72A60038D00395076 /* LinearBackgroundColor.swift in Sources */,
				817343082A63F1AE00E92F6D /* WrecksViewModel.swift in Sources */,
				817343042A63EFB600E92F6D /* WrecksService.swift in Sources */,
				81E0E7652A5D5F6800645AF0 /* User.swift in Sources */,
				81899BC32A6305220053F042 /* StoriesButton.swift in Sources */,
				81B6D0FE2A60A3DA00B5978F /* MapPinView.swift in Sources */,
				81899BCB2A631C330053F042 /* MapScales.swift in Sources */,
				81899BBD2A62C9530053F042 /* AddUpdateWreck.swift in Sources */,
				81B6D0FA2A6079A200B5978F /* MapOverlayView.swift in Sources */,
				81C84FE32A5C6DAC004D01B2 /* WrecksLoader.swift in Sources */,
				8103E7632A61B60C00FA53D0 /* UserView.swift in Sources */,
				8154A5EE2A5FF4F300395076 /* CreateAccountView.swift in Sources */,
				81899BC52A6314C90053F042 /* BorderButtonModifier.swift in Sources */,
				8103E7552A61471F00FA53D0 /* MapSearchBar.swift in Sources */,
				8152677A2A695CB80074ED1A /* CollectionView.swift in Sources */,
				8154A5F22A5FF56000395076 /* AuthenticationViewModel.swift in Sources */,
				81C84FDF2A5C6D6C004D01B2 /* URLRoutes.swift in Sources */,
				8103E7572A61476600FA53D0 /* MapFilter.swift in Sources */,
				81C84FD82A5C6C78004D01B2 /* AuthorizationManager.swift in Sources */,
				81E0E76B2A5D810300645AF0 /* WreckCausesEnum.swift in Sources */,
				81AB027F2A5ED0A1006AAD5E /* WrecksCoreDataManager.swift in Sources */,
				8103E7612A61AE6A00FA53D0 /* AccountMenu.swift in Sources */,
				81E0E7692A5D80F000645AF0 /* WreckTypesEnum.swift in Sources */,
				81E7102B29D9CB58008724FA /* PhotosPickerView.swift in Sources */,
				816E9FBD29CAF74E00C3BC0F /* WreckpointerApp.swift in Sources */,
				81C84FE12A5C6DA3004D01B2 /* UserService.swift in Sources */,
				81BAF17F2A65A91F007C4F8A /* CollectionsView.swift in Sources */,
				81BAF1882A65AFB9007C4F8A /* Block.swift in Sources */,
				8152677E2A697E4D0074ED1A /* CollectionBlockView.swift in Sources */,
				81E0E7672A5D7A7C00645AF0 /* Wreck.swift in Sources */,
				81BAF1812A65AE49007C4F8A /* CollectionsService.swift in Sources */,
				815267872A6AB2310074ED1A /* WreckView.swift in Sources */,
				8103E75F2A61A1C300FA53D0 /* AccountView.swift in Sources */,
				815267852A6AB0AD0074ED1A /* WrecksListView.swift in Sources */,
				8154A5F92A60038D00395076 /* GlassyFontModifier.swift in Sources */,
				81AB02862A5EFBCE006AAD5E /* CoreDataService.swift in Sources */,
				81C84FD92A5C6C78004D01B2 /* JSONDataCoder.swift in Sources */,
				81BAF18A2A65C6D8007C4F8A /* CollectionsViewModel.swift in Sources */,
				81AB02842A5EF9D5006AAD5E /* WreckpointerContainer.xcdatamodeld in Sources */,
				8152677C2A69710A0074ED1A /* CollectionDetailedView.swift in Sources */,
				81C84FDA2A5C6C78004D01B2 /* HTTPRequestManager.swift in Sources */,
				8154A5FD2A600E9C00395076 /* NeonTextFieldModifier.swift in Sources */,
				8154A5EA2A5FF4CC00395076 /* LoginView.swift in Sources */,
				815267832A6AAE260074ED1A /* AddUpdateBlockView.swift in Sources */,
				81BAF1842A65AF9E007C4F8A /* Collection.swift in Sources */,
				815267802A698A630074ED1A /* AddUpdateCollectionView.swift in Sources */,
				817343102A64292D00E92F6D /* DoubleExtensions.swift in Sources */,
				8103E7592A61477300FA53D0 /* MapMenu.swift in Sources */,
				8111B2852A5DE8640038DD53 /* MainView.swift in Sources */,
				81899BC12A6302F10053F042 /* MapSettings.swift in Sources */,
				8154A5EC2A5FF4E300395076 /* ForgotPasswordView.swift in Sources */,
				81B6D0F62A601D4A00B5978F /* StringExtensions.swift in Sources */,
				8103E75B2A61686900FA53D0 /* CloseButton.swift in Sources */,
				8136D12129D6C7220025D489 /* MapViewModel.swift in Sources */,
			);
			runOnlyForDeploymentPostprocessing = 0;
		};
/* End PBXSourcesBuildPhase section */

/* Begin XCBuildConfiguration section */
		816E9FC529CAF75000C3BC0F /* Debug */ = {
			isa = XCBuildConfiguration;
			buildSettings = {
				ALWAYS_SEARCH_USER_PATHS = NO;
				CLANG_ANALYZER_NONNULL = YES;
				CLANG_ANALYZER_NUMBER_OBJECT_CONVERSION = YES_AGGRESSIVE;
				CLANG_CXX_LANGUAGE_STANDARD = "gnu++20";
				CLANG_ENABLE_MODULES = YES;
				CLANG_ENABLE_OBJC_ARC = YES;
				CLANG_ENABLE_OBJC_WEAK = YES;
				CLANG_WARN_BLOCK_CAPTURE_AUTORELEASING = YES;
				CLANG_WARN_BOOL_CONVERSION = YES;
				CLANG_WARN_COMMA = YES;
				CLANG_WARN_CONSTANT_CONVERSION = YES;
				CLANG_WARN_DEPRECATED_OBJC_IMPLEMENTATIONS = YES;
				CLANG_WARN_DIRECT_OBJC_ISA_USAGE = YES_ERROR;
				CLANG_WARN_DOCUMENTATION_COMMENTS = YES;
				CLANG_WARN_EMPTY_BODY = YES;
				CLANG_WARN_ENUM_CONVERSION = YES;
				CLANG_WARN_INFINITE_RECURSION = YES;
				CLANG_WARN_INT_CONVERSION = YES;
				CLANG_WARN_NON_LITERAL_NULL_CONVERSION = YES;
				CLANG_WARN_OBJC_IMPLICIT_RETAIN_SELF = YES;
				CLANG_WARN_OBJC_LITERAL_CONVERSION = YES;
				CLANG_WARN_OBJC_ROOT_CLASS = YES_ERROR;
				CLANG_WARN_QUOTED_INCLUDE_IN_FRAMEWORK_HEADER = YES;
				CLANG_WARN_RANGE_LOOP_ANALYSIS = YES;
				CLANG_WARN_STRICT_PROTOTYPES = YES;
				CLANG_WARN_SUSPICIOUS_MOVE = YES;
				CLANG_WARN_UNGUARDED_AVAILABILITY = YES_AGGRESSIVE;
				CLANG_WARN_UNREACHABLE_CODE = YES;
				CLANG_WARN__DUPLICATE_METHOD_MATCH = YES;
				COPY_PHASE_STRIP = NO;
				DEBUG_INFORMATION_FORMAT = dwarf;
				ENABLE_STRICT_OBJC_MSGSEND = YES;
				ENABLE_TESTABILITY = YES;
				GCC_C_LANGUAGE_STANDARD = gnu11;
				GCC_DYNAMIC_NO_PIC = NO;
				GCC_NO_COMMON_BLOCKS = YES;
				GCC_OPTIMIZATION_LEVEL = 0;
				GCC_PREPROCESSOR_DEFINITIONS = (
					"DEBUG=1",
					"$(inherited)",
				);
				GCC_WARN_64_TO_32_BIT_CONVERSION = YES;
				GCC_WARN_ABOUT_RETURN_TYPE = YES_ERROR;
				GCC_WARN_UNDECLARED_SELECTOR = YES;
				GCC_WARN_UNINITIALIZED_AUTOS = YES_AGGRESSIVE;
				GCC_WARN_UNUSED_FUNCTION = YES;
				GCC_WARN_UNUSED_VARIABLE = YES;
				IPHONEOS_DEPLOYMENT_TARGET = 16.0;
				MTL_ENABLE_DEBUG_INFO = INCLUDE_SOURCE;
				MTL_FAST_MATH = YES;
				ONLY_ACTIVE_ARCH = YES;
				SDKROOT = iphoneos;
				SWIFT_ACTIVE_COMPILATION_CONDITIONS = DEBUG;
				SWIFT_OPTIMIZATION_LEVEL = "-Onone";
			};
			name = Debug;
		};
		816E9FC629CAF75000C3BC0F /* Release */ = {
			isa = XCBuildConfiguration;
			buildSettings = {
				ALWAYS_SEARCH_USER_PATHS = NO;
				CLANG_ANALYZER_NONNULL = YES;
				CLANG_ANALYZER_NUMBER_OBJECT_CONVERSION = YES_AGGRESSIVE;
				CLANG_CXX_LANGUAGE_STANDARD = "gnu++20";
				CLANG_ENABLE_MODULES = YES;
				CLANG_ENABLE_OBJC_ARC = YES;
				CLANG_ENABLE_OBJC_WEAK = YES;
				CLANG_WARN_BLOCK_CAPTURE_AUTORELEASING = YES;
				CLANG_WARN_BOOL_CONVERSION = YES;
				CLANG_WARN_COMMA = YES;
				CLANG_WARN_CONSTANT_CONVERSION = YES;
				CLANG_WARN_DEPRECATED_OBJC_IMPLEMENTATIONS = YES;
				CLANG_WARN_DIRECT_OBJC_ISA_USAGE = YES_ERROR;
				CLANG_WARN_DOCUMENTATION_COMMENTS = YES;
				CLANG_WARN_EMPTY_BODY = YES;
				CLANG_WARN_ENUM_CONVERSION = YES;
				CLANG_WARN_INFINITE_RECURSION = YES;
				CLANG_WARN_INT_CONVERSION = YES;
				CLANG_WARN_NON_LITERAL_NULL_CONVERSION = YES;
				CLANG_WARN_OBJC_IMPLICIT_RETAIN_SELF = YES;
				CLANG_WARN_OBJC_LITERAL_CONVERSION = YES;
				CLANG_WARN_OBJC_ROOT_CLASS = YES_ERROR;
				CLANG_WARN_QUOTED_INCLUDE_IN_FRAMEWORK_HEADER = YES;
				CLANG_WARN_RANGE_LOOP_ANALYSIS = YES;
				CLANG_WARN_STRICT_PROTOTYPES = YES;
				CLANG_WARN_SUSPICIOUS_MOVE = YES;
				CLANG_WARN_UNGUARDED_AVAILABILITY = YES_AGGRESSIVE;
				CLANG_WARN_UNREACHABLE_CODE = YES;
				CLANG_WARN__DUPLICATE_METHOD_MATCH = YES;
				COPY_PHASE_STRIP = NO;
				DEBUG_INFORMATION_FORMAT = "dwarf-with-dsym";
				ENABLE_NS_ASSERTIONS = NO;
				ENABLE_STRICT_OBJC_MSGSEND = YES;
				GCC_C_LANGUAGE_STANDARD = gnu11;
				GCC_NO_COMMON_BLOCKS = YES;
				GCC_WARN_64_TO_32_BIT_CONVERSION = YES;
				GCC_WARN_ABOUT_RETURN_TYPE = YES_ERROR;
				GCC_WARN_UNDECLARED_SELECTOR = YES;
				GCC_WARN_UNINITIALIZED_AUTOS = YES_AGGRESSIVE;
				GCC_WARN_UNUSED_FUNCTION = YES;
				GCC_WARN_UNUSED_VARIABLE = YES;
				IPHONEOS_DEPLOYMENT_TARGET = 16.0;
				MTL_ENABLE_DEBUG_INFO = NO;
				MTL_FAST_MATH = YES;
				SDKROOT = iphoneos;
				SWIFT_COMPILATION_MODE = wholemodule;
				SWIFT_OPTIMIZATION_LEVEL = "-O";
				VALIDATE_PRODUCT = YES;
			};
			name = Release;
		};
		816E9FC829CAF75000C3BC0F /* Debug */ = {
			isa = XCBuildConfiguration;
			buildSettings = {
				ASSETCATALOG_COMPILER_APPICON_NAME = AppIcon;
				ASSETCATALOG_COMPILER_GLOBAL_ACCENT_COLOR_NAME = AccentColor;
				CODE_SIGN_ENTITLEMENTS = Wreckpointer/Wreckpointer.entitlements;
				CODE_SIGN_STYLE = Automatic;
				CURRENT_PROJECT_VERSION = 1;
				DEVELOPMENT_ASSET_PATHS = "Wreckpointer/Supporting/Preview\\ Content";
				DEVELOPMENT_TEAM = MWQ8P93RWJ;
				ENABLE_PREVIEWS = YES;
				GENERATE_INFOPLIST_FILE = YES;
				INFOPLIST_FILE = Wreckpointer/Info.plist;
				INFOPLIST_KEY_CFBundleDisplayName = Wreckpointer;
				INFOPLIST_KEY_LSApplicationCategoryType = "public.app-category.education";
				INFOPLIST_KEY_UIApplicationSupportsIndirectInputEvents = YES;
				INFOPLIST_KEY_UILaunchScreen_Generation = YES;
				INFOPLIST_KEY_UISupportedInterfaceOrientations = "UIInterfaceOrientationPortrait UIInterfaceOrientationPortrait";
				INFOPLIST_KEY_UISupportedInterfaceOrientations_iPad = "UIInterfaceOrientationLandscapeLeft UIInterfaceOrientationLandscapeRight UIInterfaceOrientationPortrait UIInterfaceOrientationPortraitUpsideDown";
				IPHONEOS_DEPLOYMENT_TARGET = 16.0;
				LD_RUNPATH_SEARCH_PATHS = (
					"$(inherited)",
					"@executable_path/Frameworks",
				);
				MARKETING_VERSION = 1.0;
				PRODUCT_BUNDLE_IDENTIFIER = com.danyloternovoi.Wreckpointer;
				PRODUCT_NAME = "$(TARGET_NAME)";
				SUPPORTED_PLATFORMS = "iphoneos iphonesimulator";
				SUPPORTS_MACCATALYST = NO;
				SUPPORTS_MAC_DESIGNED_FOR_IPHONE_IPAD = NO;
				SWIFT_EMIT_LOC_STRINGS = YES;
				SWIFT_VERSION = 5.0;
				TARGETED_DEVICE_FAMILY = 1;
			};
			name = Debug;
		};
		816E9FC929CAF75000C3BC0F /* Release */ = {
			isa = XCBuildConfiguration;
			buildSettings = {
				ASSETCATALOG_COMPILER_APPICON_NAME = AppIcon;
				ASSETCATALOG_COMPILER_GLOBAL_ACCENT_COLOR_NAME = AccentColor;
				CODE_SIGN_ENTITLEMENTS = Wreckpointer/Wreckpointer.entitlements;
				CODE_SIGN_STYLE = Automatic;
				CURRENT_PROJECT_VERSION = 1;
				DEVELOPMENT_ASSET_PATHS = "Wreckpointer/Supporting/Preview\\ Content";
				DEVELOPMENT_TEAM = MWQ8P93RWJ;
				ENABLE_PREVIEWS = YES;
				GENERATE_INFOPLIST_FILE = YES;
				INFOPLIST_FILE = Wreckpointer/Info.plist;
				INFOPLIST_KEY_CFBundleDisplayName = Wreckpointer;
				INFOPLIST_KEY_LSApplicationCategoryType = "public.app-category.education";
				INFOPLIST_KEY_UIApplicationSupportsIndirectInputEvents = YES;
				INFOPLIST_KEY_UILaunchScreen_Generation = YES;
				INFOPLIST_KEY_UISupportedInterfaceOrientations = "UIInterfaceOrientationPortrait UIInterfaceOrientationPortrait";
				INFOPLIST_KEY_UISupportedInterfaceOrientations_iPad = "UIInterfaceOrientationLandscapeLeft UIInterfaceOrientationLandscapeRight UIInterfaceOrientationPortrait UIInterfaceOrientationPortraitUpsideDown";
				IPHONEOS_DEPLOYMENT_TARGET = 16.0;
				LD_RUNPATH_SEARCH_PATHS = (
					"$(inherited)",
					"@executable_path/Frameworks",
				);
				MARKETING_VERSION = 1.0;
				PRODUCT_BUNDLE_IDENTIFIER = com.danyloternovoi.Wreckpointer;
				PRODUCT_NAME = "$(TARGET_NAME)";
				SUPPORTED_PLATFORMS = "iphoneos iphonesimulator";
				SUPPORTS_MACCATALYST = NO;
				SUPPORTS_MAC_DESIGNED_FOR_IPHONE_IPAD = NO;
				SWIFT_EMIT_LOC_STRINGS = YES;
				SWIFT_VERSION = 5.0;
				TARGETED_DEVICE_FAMILY = 1;
			};
			name = Release;
		};
/* End XCBuildConfiguration section */

/* Begin XCConfigurationList section */
		816E9FB429CAF74E00C3BC0F /* Build configuration list for PBXProject "Wreckpointer" */ = {
			isa = XCConfigurationList;
			buildConfigurations = (
				816E9FC529CAF75000C3BC0F /* Debug */,
				816E9FC629CAF75000C3BC0F /* Release */,
			);
			defaultConfigurationIsVisible = 0;
			defaultConfigurationName = Release;
		};
		816E9FC729CAF75000C3BC0F /* Build configuration list for PBXNativeTarget "Wreckpointer" */ = {
			isa = XCConfigurationList;
			buildConfigurations = (
				816E9FC829CAF75000C3BC0F /* Debug */,
				816E9FC929CAF75000C3BC0F /* Release */,
			);
			defaultConfigurationIsVisible = 0;
			defaultConfigurationName = Release;
		};
/* End XCConfigurationList section */

/* Begin XCVersionGroup section */
		81AB02822A5EF9D5006AAD5E /* WreckpointerContainer.xcdatamodeld */ = {
			isa = XCVersionGroup;
			children = (
				81AB02832A5EF9D5006AAD5E /* WreckpointerContainer.xcdatamodel */,
			);
			currentVersion = 81AB02832A5EF9D5006AAD5E /* WreckpointerContainer.xcdatamodel */;
			path = WreckpointerContainer.xcdatamodeld;
			sourceTree = "<group>";
			versionGroupType = wrapper.xcdatamodel;
		};
/* End XCVersionGroup section */
	};
	rootObject = 816E9FB129CAF74E00C3BC0F /* Project object */;
}
