// !$*UTF8*$!
{
	archiveVersion = 1;
	classes = {
	};
	objectVersion = 56;
	objects = {

/* Begin PBXBuildFile section */
		8136D12129D6C7220025D489 /* MapViewModel.swift in Sources */ = {isa = PBXBuildFile; fileRef = 8136D12029D6C7220025D489 /* MapViewModel.swift */; };
		8136D12329D6C7350025D489 /* CollectionsViewModel.swift in Sources */ = {isa = PBXBuildFile; fileRef = 8136D12229D6C7350025D489 /* CollectionsViewModel.swift */; };
		816E9FBD29CAF74E00C3BC0F /* WreckpointerApp.swift in Sources */ = {isa = PBXBuildFile; fileRef = 816E9FBC29CAF74E00C3BC0F /* WreckpointerApp.swift */; };
		816E9FC129CAF75000C3BC0F /* Assets.xcassets in Resources */ = {isa = PBXBuildFile; fileRef = 816E9FC029CAF75000C3BC0F /* Assets.xcassets */; };
		816E9FC429CAF75000C3BC0F /* Preview Assets.xcassets in Resources */ = {isa = PBXBuildFile; fileRef = 816E9FC329CAF75000C3BC0F /* Preview Assets.xcassets */; };
		816E9FDD29CAF78300C3BC0F /* MapView.swift in Sources */ = {isa = PBXBuildFile; fileRef = 816E9FCC29CAF78300C3BC0F /* MapView.swift */; };
		816E9FE029CAF78300C3BC0F /* AddWreckView.swift in Sources */ = {isa = PBXBuildFile; fileRef = 816E9FD129CAF78300C3BC0F /* AddWreckView.swift */; };
		816E9FE529CAF78300C3BC0F /* Wreck.swift in Sources */ = {isa = PBXBuildFile; fileRef = 816E9FD829CAF78300C3BC0F /* Wreck.swift */; };
		816E9FE629CAF78300C3BC0F /* WrecksCollection.swift in Sources */ = {isa = PBXBuildFile; fileRef = 816E9FD929CAF78300C3BC0F /* WrecksCollection.swift */; };
		818EA38629D1A22A00C83951 /* WreckDetailedView.swift in Sources */ = {isa = PBXBuildFile; fileRef = 818EA38529D1A22A00C83951 /* WreckDetailedView.swift */; };
		8199A2B229CC52310082A9FA /* CollectionsListView.swift in Sources */ = {isa = PBXBuildFile; fileRef = 8199A2B129CC52310082A9FA /* CollectionsListView.swift */; };
		8199A2C029CD8BCB0082A9FA /* UpdateWreckView.swift in Sources */ = {isa = PBXBuildFile; fileRef = 8199A2BF29CD8BCB0082A9FA /* UpdateWreckView.swift */; };
		8199A2C629CDA8B60082A9FA /* AddCollectionView.swift in Sources */ = {isa = PBXBuildFile; fileRef = 8199A2C529CDA8B60082A9FA /* AddCollectionView.swift */; };
		8199A2C829CDA8C60082A9FA /* UpdateCollectionView.swift in Sources */ = {isa = PBXBuildFile; fileRef = 8199A2C729CDA8C60082A9FA /* UpdateCollectionView.swift */; };
		8199A2D929CF00820082A9FA /* CollectionRowView.swift in Sources */ = {isa = PBXBuildFile; fileRef = 8199A2D829CF00820082A9FA /* CollectionRowView.swift */; };
		8199A2DB29CF00930082A9FA /* SelectedCollectionView.swift in Sources */ = {isa = PBXBuildFile; fileRef = 8199A2DA29CF00930082A9FA /* SelectedCollectionView.swift */; };
		8199A2DD29CF0FB60082A9FA /* MainView.swift in Sources */ = {isa = PBXBuildFile; fileRef = 8199A2DC29CF0FB60082A9FA /* MainView.swift */; };
		8199A2E029D056E70082A9FA /* PanelsView.swift in Sources */ = {isa = PBXBuildFile; fileRef = 8199A2DF29D056E70082A9FA /* PanelsView.swift */; };
		81A13AF129D43D9000A04592 /* MapPinView.swift in Sources */ = {isa = PBXBuildFile; fileRef = 81A13AF029D43D9000A04592 /* MapPinView.swift */; };
		81A13AFB29D569A800A04592 /* CKManager.swift in Sources */ = {isa = PBXBuildFile; fileRef = 81A13AFA29D569A800A04592 /* CKManager.swift */; };
		81AFC62B29DAC96400693DFB /* LoadingView.swift in Sources */ = {isa = PBXBuildFile; fileRef = 81AFC62A29DAC96400693DFB /* LoadingView.swift */; };
		81E7102729D9B12F008724FA /* WreckRowView.swift in Sources */ = {isa = PBXBuildFile; fileRef = 81E7102629D9B12F008724FA /* WreckRowView.swift */; };
		81E7102B29D9CB58008724FA /* PhotosPickerView.swift in Sources */ = {isa = PBXBuildFile; fileRef = 81E7102A29D9CB58008724FA /* PhotosPickerView.swift */; };
		81E7102D29D9D439008724FA /* CoordinatesSelectorView.swift in Sources */ = {isa = PBXBuildFile; fileRef = 81E7102C29D9D439008724FA /* CoordinatesSelectorView.swift */; };
		81E7102F29DA1069008724FA /* SelectedWreckPanel.swift in Sources */ = {isa = PBXBuildFile; fileRef = 81E7102E29DA1069008724FA /* SelectedWreckPanel.swift */; };
/* End PBXBuildFile section */

/* Begin PBXFileReference section */
		8136D12029D6C7220025D489 /* MapViewModel.swift */ = {isa = PBXFileReference; lastKnownFileType = sourcecode.swift; path = MapViewModel.swift; sourceTree = "<group>"; };
		8136D12229D6C7350025D489 /* CollectionsViewModel.swift */ = {isa = PBXFileReference; lastKnownFileType = sourcecode.swift; path = CollectionsViewModel.swift; sourceTree = "<group>"; };
		816E9FB929CAF74E00C3BC0F /* Wreckpointer.app */ = {isa = PBXFileReference; explicitFileType = wrapper.application; includeInIndex = 0; path = Wreckpointer.app; sourceTree = BUILT_PRODUCTS_DIR; };
		816E9FBC29CAF74E00C3BC0F /* WreckpointerApp.swift */ = {isa = PBXFileReference; lastKnownFileType = sourcecode.swift; path = WreckpointerApp.swift; sourceTree = "<group>"; };
		816E9FC029CAF75000C3BC0F /* Assets.xcassets */ = {isa = PBXFileReference; lastKnownFileType = folder.assetcatalog; path = Assets.xcassets; sourceTree = "<group>"; };
		816E9FC329CAF75000C3BC0F /* Preview Assets.xcassets */ = {isa = PBXFileReference; lastKnownFileType = folder.assetcatalog; path = "Preview Assets.xcassets"; sourceTree = "<group>"; };
		816E9FCC29CAF78300C3BC0F /* MapView.swift */ = {isa = PBXFileReference; fileEncoding = 4; lastKnownFileType = sourcecode.swift; path = MapView.swift; sourceTree = "<group>"; };
		816E9FD129CAF78300C3BC0F /* AddWreckView.swift */ = {isa = PBXFileReference; fileEncoding = 4; lastKnownFileType = sourcecode.swift; path = AddWreckView.swift; sourceTree = "<group>"; };
		816E9FD829CAF78300C3BC0F /* Wreck.swift */ = {isa = PBXFileReference; fileEncoding = 4; lastKnownFileType = sourcecode.swift; path = Wreck.swift; sourceTree = "<group>"; };
		816E9FD929CAF78300C3BC0F /* WrecksCollection.swift */ = {isa = PBXFileReference; fileEncoding = 4; lastKnownFileType = sourcecode.swift; path = WrecksCollection.swift; sourceTree = "<group>"; };
		816E9FE929CAF7FD00C3BC0F /* Wreckpointer.entitlements */ = {isa = PBXFileReference; lastKnownFileType = text.plist.entitlements; path = Wreckpointer.entitlements; sourceTree = "<group>"; };
		818EA38529D1A22A00C83951 /* WreckDetailedView.swift */ = {isa = PBXFileReference; lastKnownFileType = sourcecode.swift; path = WreckDetailedView.swift; sourceTree = "<group>"; };
		8199A2B129CC52310082A9FA /* CollectionsListView.swift */ = {isa = PBXFileReference; lastKnownFileType = sourcecode.swift; path = CollectionsListView.swift; sourceTree = "<group>"; };
		8199A2BF29CD8BCB0082A9FA /* UpdateWreckView.swift */ = {isa = PBXFileReference; lastKnownFileType = sourcecode.swift; path = UpdateWreckView.swift; sourceTree = "<group>"; };
		8199A2C529CDA8B60082A9FA /* AddCollectionView.swift */ = {isa = PBXFileReference; lastKnownFileType = sourcecode.swift; path = AddCollectionView.swift; sourceTree = "<group>"; };
		8199A2C729CDA8C60082A9FA /* UpdateCollectionView.swift */ = {isa = PBXFileReference; lastKnownFileType = sourcecode.swift; path = UpdateCollectionView.swift; sourceTree = "<group>"; };
		8199A2D829CF00820082A9FA /* CollectionRowView.swift */ = {isa = PBXFileReference; lastKnownFileType = sourcecode.swift; path = CollectionRowView.swift; sourceTree = "<group>"; };
		8199A2DA29CF00930082A9FA /* SelectedCollectionView.swift */ = {isa = PBXFileReference; lastKnownFileType = sourcecode.swift; path = SelectedCollectionView.swift; sourceTree = "<group>"; };
		8199A2DC29CF0FB60082A9FA /* MainView.swift */ = {isa = PBXFileReference; lastKnownFileType = sourcecode.swift; path = MainView.swift; sourceTree = "<group>"; };
		8199A2DF29D056E70082A9FA /* PanelsView.swift */ = {isa = PBXFileReference; lastKnownFileType = sourcecode.swift; path = PanelsView.swift; sourceTree = "<group>"; };
		81A13AF029D43D9000A04592 /* MapPinView.swift */ = {isa = PBXFileReference; lastKnownFileType = sourcecode.swift; path = MapPinView.swift; sourceTree = "<group>"; };
		81A13AFA29D569A800A04592 /* CKManager.swift */ = {isa = PBXFileReference; lastKnownFileType = sourcecode.swift; path = CKManager.swift; sourceTree = "<group>"; };
		81AFC62A29DAC96400693DFB /* LoadingView.swift */ = {isa = PBXFileReference; lastKnownFileType = sourcecode.swift; path = LoadingView.swift; sourceTree = "<group>"; };
		81E7102629D9B12F008724FA /* WreckRowView.swift */ = {isa = PBXFileReference; lastKnownFileType = sourcecode.swift; path = WreckRowView.swift; sourceTree = "<group>"; };
		81E7102829D9C4C7008724FA /* Info.plist */ = {isa = PBXFileReference; lastKnownFileType = text.plist; path = Info.plist; sourceTree = "<group>"; };
		81E7102A29D9CB58008724FA /* PhotosPickerView.swift */ = {isa = PBXFileReference; lastKnownFileType = sourcecode.swift; path = PhotosPickerView.swift; sourceTree = "<group>"; };
		81E7102C29D9D439008724FA /* CoordinatesSelectorView.swift */ = {isa = PBXFileReference; lastKnownFileType = sourcecode.swift; path = CoordinatesSelectorView.swift; sourceTree = "<group>"; };
		81E7102E29DA1069008724FA /* SelectedWreckPanel.swift */ = {isa = PBXFileReference; lastKnownFileType = sourcecode.swift; path = SelectedWreckPanel.swift; sourceTree = "<group>"; };
/* End PBXFileReference section */

/* Begin PBXFrameworksBuildPhase section */
		816E9FB629CAF74E00C3BC0F /* Frameworks */ = {
			isa = PBXFrameworksBuildPhase;
			buildActionMask = 2147483647;
			files = (
			);
			runOnlyForDeploymentPostprocessing = 0;
		};
/* End PBXFrameworksBuildPhase section */

/* Begin PBXGroup section */
		816E9FB029CAF74E00C3BC0F = {
			isa = PBXGroup;
			children = (
				816E9FBB29CAF74E00C3BC0F /* Wreckpointer */,
				816E9FBA29CAF74E00C3BC0F /* Products */,
				818EA38C29D1E1F400C83951 /* Frameworks */,
			);
			sourceTree = "<group>";
		};
		816E9FBA29CAF74E00C3BC0F /* Products */ = {
			isa = PBXGroup;
			children = (
				816E9FB929CAF74E00C3BC0F /* Wreckpointer.app */,
			);
			name = Products;
			sourceTree = "<group>";
		};
		816E9FBB29CAF74E00C3BC0F /* Wreckpointer */ = {
			isa = PBXGroup;
			children = (
				81E7102829D9C4C7008724FA /* Info.plist */,
				816E9FE929CAF7FD00C3BC0F /* Wreckpointer.entitlements */,
				816E9FBC29CAF74E00C3BC0F /* WreckpointerApp.swift */,
				816E9FCA29CAF78300C3BC0F /* Views */,
				816E9FDA29CAF78300C3BC0F /* ViewModels */,
				816E9FD729CAF78300C3BC0F /* Models */,
				816E9FE829CAF7A600C3BC0F /* Resources */,
			);
			path = Wreckpointer;
			sourceTree = "<group>";
		};
		816E9FC229CAF75000C3BC0F /* Preview Content */ = {
			isa = PBXGroup;
			children = (
				816E9FC329CAF75000C3BC0F /* Preview Assets.xcassets */,
			);
			path = "Preview Content";
			sourceTree = "<group>";
		};
		816E9FCA29CAF78300C3BC0F /* Views */ = {
			isa = PBXGroup;
			children = (
				8199A2DC29CF0FB60082A9FA /* MainView.swift */,
				818EA38729D1A41800C83951 /* MapViews */,
				8199A2B029CC520C0082A9FA /* CollectionViews */,
				8199A2B529CC6F490082A9FA /* WreckViews */,
				81E7102929D9CABC008724FA /* SupportViews */,
			);
			path = Views;
			sourceTree = "<group>";
		};
		816E9FD729CAF78300C3BC0F /* Models */ = {
			isa = PBXGroup;
			children = (
				816E9FD829CAF78300C3BC0F /* Wreck.swift */,
				816E9FD929CAF78300C3BC0F /* WrecksCollection.swift */,
			);
			path = Models;
			sourceTree = "<group>";
		};
		816E9FDA29CAF78300C3BC0F /* ViewModels */ = {
			isa = PBXGroup;
			children = (
				8136D12029D6C7220025D489 /* MapViewModel.swift */,
				8136D12229D6C7350025D489 /* CollectionsViewModel.swift */,
				81A13AFA29D569A800A04592 /* CKManager.swift */,
			);
			path = ViewModels;
			sourceTree = "<group>";
		};
		816E9FE829CAF7A600C3BC0F /* Resources */ = {
			isa = PBXGroup;
			children = (
				816E9FC029CAF75000C3BC0F /* Assets.xcassets */,
				816E9FC229CAF75000C3BC0F /* Preview Content */,
			);
			path = Resources;
			sourceTree = "<group>";
		};
		818EA38729D1A41800C83951 /* MapViews */ = {
			isa = PBXGroup;
			children = (
				816E9FCC29CAF78300C3BC0F /* MapView.swift */,
				81E7102E29DA1069008724FA /* SelectedWreckPanel.swift */,
				81A13AF029D43D9000A04592 /* MapPinView.swift */,
			);
			name = MapViews;
			sourceTree = "<group>";
		};
		818EA38C29D1E1F400C83951 /* Frameworks */ = {
			isa = PBXGroup;
			children = (
			);
			name = Frameworks;
			sourceTree = "<group>";
		};
		8199A2B029CC520C0082A9FA /* CollectionViews */ = {
			isa = PBXGroup;
			children = (
				8199A2B129CC52310082A9FA /* CollectionsListView.swift */,
				8199A2DA29CF00930082A9FA /* SelectedCollectionView.swift */,
				8199A2C729CDA8C60082A9FA /* UpdateCollectionView.swift */,
				8199A2C529CDA8B60082A9FA /* AddCollectionView.swift */,
				8199A2C329CDA7250082A9FA /* SupportViews */,
			);
			name = CollectionViews;
			sourceTree = "<group>";
		};
		8199A2B529CC6F490082A9FA /* WreckViews */ = {
			isa = PBXGroup;
			children = (
				818EA38529D1A22A00C83951 /* WreckDetailedView.swift */,
				8199A2BF29CD8BCB0082A9FA /* UpdateWreckView.swift */,
				816E9FD129CAF78300C3BC0F /* AddWreckView.swift */,
				81E7102629D9B12F008724FA /* WreckRowView.swift */,
			);
			path = WreckViews;
			sourceTree = "<group>";
		};
		8199A2C329CDA7250082A9FA /* SupportViews */ = {
			isa = PBXGroup;
			children = (
				8199A2DF29D056E70082A9FA /* PanelsView.swift */,
				8199A2D829CF00820082A9FA /* CollectionRowView.swift */,
			);
			name = SupportViews;
			sourceTree = "<group>";
		};
		81E7102929D9CABC008724FA /* SupportViews */ = {
			isa = PBXGroup;
			children = (
				81E7102A29D9CB58008724FA /* PhotosPickerView.swift */,
				81E7102C29D9D439008724FA /* CoordinatesSelectorView.swift */,
				81AFC62A29DAC96400693DFB /* LoadingView.swift */,
			);
			name = SupportViews;
			sourceTree = "<group>";
		};
/* End PBXGroup section */

/* Begin PBXNativeTarget section */
		816E9FB829CAF74E00C3BC0F /* Wreckpointer */ = {
			isa = PBXNativeTarget;
			buildConfigurationList = 816E9FC729CAF75000C3BC0F /* Build configuration list for PBXNativeTarget "Wreckpointer" */;
			buildPhases = (
				816E9FB529CAF74E00C3BC0F /* Sources */,
				816E9FB629CAF74E00C3BC0F /* Frameworks */,
				816E9FB729CAF74E00C3BC0F /* Resources */,
			);
			buildRules = (
			);
			dependencies = (
			);
			name = Wreckpointer;
			packageProductDependencies = (
			);
			productName = Wreckpointer;
			productReference = 816E9FB929CAF74E00C3BC0F /* Wreckpointer.app */;
			productType = "com.apple.product-type.application";
		};
/* End PBXNativeTarget section */

/* Begin PBXProject section */
		816E9FB129CAF74E00C3BC0F /* Project object */ = {
			isa = PBXProject;
			attributes = {
				BuildIndependentTargetsInParallel = 1;
				LastSwiftUpdateCheck = 1420;
				LastUpgradeCheck = 1420;
				TargetAttributes = {
					816E9FB829CAF74E00C3BC0F = {
						CreatedOnToolsVersion = 14.2;
					};
				};
			};
			buildConfigurationList = 816E9FB429CAF74E00C3BC0F /* Build configuration list for PBXProject "Wreckpointer" */;
			compatibilityVersion = "Xcode 14.0";
			developmentRegion = en;
			hasScannedForEncodings = 0;
			knownRegions = (
				en,
				Base,
			);
			mainGroup = 816E9FB029CAF74E00C3BC0F;
			packageReferences = (
			);
			productRefGroup = 816E9FBA29CAF74E00C3BC0F /* Products */;
			projectDirPath = "";
			projectRoot = "";
			targets = (
				816E9FB829CAF74E00C3BC0F /* Wreckpointer */,
			);
		};
/* End PBXProject section */

/* Begin PBXResourcesBuildPhase section */
		816E9FB729CAF74E00C3BC0F /* Resources */ = {
			isa = PBXResourcesBuildPhase;
			buildActionMask = 2147483647;
			files = (
				816E9FC429CAF75000C3BC0F /* Preview Assets.xcassets in Resources */,
				816E9FC129CAF75000C3BC0F /* Assets.xcassets in Resources */,
			);
			runOnlyForDeploymentPostprocessing = 0;
		};
/* End PBXResourcesBuildPhase section */

/* Begin PBXSourcesBuildPhase section */
		816E9FB529CAF74E00C3BC0F /* Sources */ = {
			isa = PBXSourcesBuildPhase;
			buildActionMask = 2147483647;
			files = (
				816E9FDD29CAF78300C3BC0F /* MapView.swift in Sources */,
				818EA38629D1A22A00C83951 /* WreckDetailedView.swift in Sources */,
				8199A2E029D056E70082A9FA /* PanelsView.swift in Sources */,
				816E9FE529CAF78300C3BC0F /* Wreck.swift in Sources */,
				81E7102729D9B12F008724FA /* WreckRowView.swift in Sources */,
				816E9FE029CAF78300C3BC0F /* AddWreckView.swift in Sources */,
				8199A2DB29CF00930082A9FA /* SelectedCollectionView.swift in Sources */,
				81E7102B29D9CB58008724FA /* PhotosPickerView.swift in Sources */,
				8199A2D929CF00820082A9FA /* CollectionRowView.swift in Sources */,
				8199A2B229CC52310082A9FA /* CollectionsListView.swift in Sources */,
				8199A2C029CD8BCB0082A9FA /* UpdateWreckView.swift in Sources */,
				816E9FBD29CAF74E00C3BC0F /* WreckpointerApp.swift in Sources */,
				8136D12329D6C7350025D489 /* CollectionsViewModel.swift in Sources */,
				81E7102D29D9D439008724FA /* CoordinatesSelectorView.swift in Sources */,
				816E9FE629CAF78300C3BC0F /* WrecksCollection.swift in Sources */,
				81E7102F29DA1069008724FA /* SelectedWreckPanel.swift in Sources */,
				8199A2DD29CF0FB60082A9FA /* MainView.swift in Sources */,
				8199A2C829CDA8C60082A9FA /* UpdateCollectionView.swift in Sources */,
				8199A2C629CDA8B60082A9FA /* AddCollectionView.swift in Sources */,
				81A13AFB29D569A800A04592 /* CKManager.swift in Sources */,
				81A13AF129D43D9000A04592 /* MapPinView.swift in Sources */,
				8136D12129D6C7220025D489 /* MapViewModel.swift in Sources */,
				81AFC62B29DAC96400693DFB /* LoadingView.swift in Sources */,
			);
			runOnlyForDeploymentPostprocessing = 0;
		};
/* End PBXSourcesBuildPhase section */

/* Begin XCBuildConfiguration section */
		816E9FC529CAF75000C3BC0F /* Debug */ = {
			isa = XCBuildConfiguration;
			buildSettings = {
				ALWAYS_SEARCH_USER_PATHS = NO;
				CLANG_ANALYZER_NONNULL = YES;
				CLANG_ANALYZER_NUMBER_OBJECT_CONVERSION = YES_AGGRESSIVE;
				CLANG_CXX_LANGUAGE_STANDARD = "gnu++20";
				CLANG_ENABLE_MODULES = YES;
				CLANG_ENABLE_OBJC_ARC = YES;
				CLANG_ENABLE_OBJC_WEAK = YES;
				CLANG_WARN_BLOCK_CAPTURE_AUTORELEASING = YES;
				CLANG_WARN_BOOL_CONVERSION = YES;
				CLANG_WARN_COMMA = YES;
				CLANG_WARN_CONSTANT_CONVERSION = YES;
				CLANG_WARN_DEPRECATED_OBJC_IMPLEMENTATIONS = YES;
				CLANG_WARN_DIRECT_OBJC_ISA_USAGE = YES_ERROR;
				CLANG_WARN_DOCUMENTATION_COMMENTS = YES;
				CLANG_WARN_EMPTY_BODY = YES;
				CLANG_WARN_ENUM_CONVERSION = YES;
				CLANG_WARN_INFINITE_RECURSION = YES;
				CLANG_WARN_INT_CONVERSION = YES;
				CLANG_WARN_NON_LITERAL_NULL_CONVERSION = YES;
				CLANG_WARN_OBJC_IMPLICIT_RETAIN_SELF = YES;
				CLANG_WARN_OBJC_LITERAL_CONVERSION = YES;
				CLANG_WARN_OBJC_ROOT_CLASS = YES_ERROR;
				CLANG_WARN_QUOTED_INCLUDE_IN_FRAMEWORK_HEADER = YES;
				CLANG_WARN_RANGE_LOOP_ANALYSIS = YES;
				CLANG_WARN_STRICT_PROTOTYPES = YES;
				CLANG_WARN_SUSPICIOUS_MOVE = YES;
				CLANG_WARN_UNGUARDED_AVAILABILITY = YES_AGGRESSIVE;
				CLANG_WARN_UNREACHABLE_CODE = YES;
				CLANG_WARN__DUPLICATE_METHOD_MATCH = YES;
				COPY_PHASE_STRIP = NO;
				DEBUG_INFORMATION_FORMAT = dwarf;
				ENABLE_STRICT_OBJC_MSGSEND = YES;
				ENABLE_TESTABILITY = YES;
				GCC_C_LANGUAGE_STANDARD = gnu11;
				GCC_DYNAMIC_NO_PIC = NO;
				GCC_NO_COMMON_BLOCKS = YES;
				GCC_OPTIMIZATION_LEVEL = 0;
				GCC_PREPROCESSOR_DEFINITIONS = (
					"DEBUG=1",
					"$(inherited)",
				);
				GCC_WARN_64_TO_32_BIT_CONVERSION = YES;
				GCC_WARN_ABOUT_RETURN_TYPE = YES_ERROR;
				GCC_WARN_UNDECLARED_SELECTOR = YES;
				GCC_WARN_UNINITIALIZED_AUTOS = YES_AGGRESSIVE;
				GCC_WARN_UNUSED_FUNCTION = YES;
				GCC_WARN_UNUSED_VARIABLE = YES;
				IPHONEOS_DEPLOYMENT_TARGET = 16.0;
				MTL_ENABLE_DEBUG_INFO = INCLUDE_SOURCE;
				MTL_FAST_MATH = YES;
				ONLY_ACTIVE_ARCH = YES;
				SDKROOT = iphoneos;
				SWIFT_ACTIVE_COMPILATION_CONDITIONS = DEBUG;
				SWIFT_OPTIMIZATION_LEVEL = "-Onone";
			};
			name = Debug;
		};
		816E9FC629CAF75000C3BC0F /* Release */ = {
			isa = XCBuildConfiguration;
			buildSettings = {
				ALWAYS_SEARCH_USER_PATHS = NO;
				CLANG_ANALYZER_NONNULL = YES;
				CLANG_ANALYZER_NUMBER_OBJECT_CONVERSION = YES_AGGRESSIVE;
				CLANG_CXX_LANGUAGE_STANDARD = "gnu++20";
				CLANG_ENABLE_MODULES = YES;
				CLANG_ENABLE_OBJC_ARC = YES;
				CLANG_ENABLE_OBJC_WEAK = YES;
				CLANG_WARN_BLOCK_CAPTURE_AUTORELEASING = YES;
				CLANG_WARN_BOOL_CONVERSION = YES;
				CLANG_WARN_COMMA = YES;
				CLANG_WARN_CONSTANT_CONVERSION = YES;
				CLANG_WARN_DEPRECATED_OBJC_IMPLEMENTATIONS = YES;
				CLANG_WARN_DIRECT_OBJC_ISA_USAGE = YES_ERROR;
				CLANG_WARN_DOCUMENTATION_COMMENTS = YES;
				CLANG_WARN_EMPTY_BODY = YES;
				CLANG_WARN_ENUM_CONVERSION = YES;
				CLANG_WARN_INFINITE_RECURSION = YES;
				CLANG_WARN_INT_CONVERSION = YES;
				CLANG_WARN_NON_LITERAL_NULL_CONVERSION = YES;
				CLANG_WARN_OBJC_IMPLICIT_RETAIN_SELF = YES;
				CLANG_WARN_OBJC_LITERAL_CONVERSION = YES;
				CLANG_WARN_OBJC_ROOT_CLASS = YES_ERROR;
				CLANG_WARN_QUOTED_INCLUDE_IN_FRAMEWORK_HEADER = YES;
				CLANG_WARN_RANGE_LOOP_ANALYSIS = YES;
				CLANG_WARN_STRICT_PROTOTYPES = YES;
				CLANG_WARN_SUSPICIOUS_MOVE = YES;
				CLANG_WARN_UNGUARDED_AVAILABILITY = YES_AGGRESSIVE;
				CLANG_WARN_UNREACHABLE_CODE = YES;
				CLANG_WARN__DUPLICATE_METHOD_MATCH = YES;
				COPY_PHASE_STRIP = NO;
				DEBUG_INFORMATION_FORMAT = "dwarf-with-dsym";
				ENABLE_NS_ASSERTIONS = NO;
				ENABLE_STRICT_OBJC_MSGSEND = YES;
				GCC_C_LANGUAGE_STANDARD = gnu11;
				GCC_NO_COMMON_BLOCKS = YES;
				GCC_WARN_64_TO_32_BIT_CONVERSION = YES;
				GCC_WARN_ABOUT_RETURN_TYPE = YES_ERROR;
				GCC_WARN_UNDECLARED_SELECTOR = YES;
				GCC_WARN_UNINITIALIZED_AUTOS = YES_AGGRESSIVE;
				GCC_WARN_UNUSED_FUNCTION = YES;
				GCC_WARN_UNUSED_VARIABLE = YES;
				IPHONEOS_DEPLOYMENT_TARGET = 16.0;
				MTL_ENABLE_DEBUG_INFO = NO;
				MTL_FAST_MATH = YES;
				SDKROOT = iphoneos;
				SWIFT_COMPILATION_MODE = wholemodule;
				SWIFT_OPTIMIZATION_LEVEL = "-O";
				VALIDATE_PRODUCT = YES;
			};
			name = Release;
		};
		816E9FC829CAF75000C3BC0F /* Debug */ = {
			isa = XCBuildConfiguration;
			buildSettings = {
				ASSETCATALOG_COMPILER_APPICON_NAME = AppIcon;
				ASSETCATALOG_COMPILER_GLOBAL_ACCENT_COLOR_NAME = AccentColor;
				CODE_SIGN_ENTITLEMENTS = Wreckpointer/Wreckpointer.entitlements;
				CODE_SIGN_STYLE = Automatic;
				CURRENT_PROJECT_VERSION = 1;
				DEVELOPMENT_ASSET_PATHS = "Wreckpointer/Resources/Preview\\ Content";
				DEVELOPMENT_TEAM = MWQ8P93RWJ;
				ENABLE_PREVIEWS = YES;
				GENERATE_INFOPLIST_FILE = YES;
				INFOPLIST_FILE = Wreckpointer/Info.plist;
				INFOPLIST_KEY_CFBundleDisplayName = Wreckpointer;
				INFOPLIST_KEY_LSApplicationCategoryType = "public.app-category.education";
				INFOPLIST_KEY_UIApplicationSupportsIndirectInputEvents = YES;
				INFOPLIST_KEY_UILaunchScreen_Generation = YES;
				INFOPLIST_KEY_UISupportedInterfaceOrientations = UIInterfaceOrientationPortrait;
				INFOPLIST_KEY_UISupportedInterfaceOrientations_iPad = "UIInterfaceOrientationLandscapeLeft UIInterfaceOrientationLandscapeRight UIInterfaceOrientationPortrait UIInterfaceOrientationPortraitUpsideDown";
				IPHONEOS_DEPLOYMENT_TARGET = 16.0;
				LD_RUNPATH_SEARCH_PATHS = (
					"$(inherited)",
					"@executable_path/Frameworks",
				);
				MARKETING_VERSION = 0.1.0;
				PRODUCT_BUNDLE_IDENTIFIER = com.danyloternovoi.Wreckpointer;
				PRODUCT_NAME = "$(TARGET_NAME)";
				SUPPORTED_PLATFORMS = "iphoneos iphonesimulator";
				SUPPORTS_MACCATALYST = NO;
				SUPPORTS_MAC_DESIGNED_FOR_IPHONE_IPAD = NO;
				SWIFT_EMIT_LOC_STRINGS = YES;
				SWIFT_VERSION = 5.0;
				TARGETED_DEVICE_FAMILY = 1;
			};
			name = Debug;
		};
		816E9FC929CAF75000C3BC0F /* Release */ = {
			isa = XCBuildConfiguration;
			buildSettings = {
				ASSETCATALOG_COMPILER_APPICON_NAME = AppIcon;
				ASSETCATALOG_COMPILER_GLOBAL_ACCENT_COLOR_NAME = AccentColor;
				CODE_SIGN_ENTITLEMENTS = Wreckpointer/Wreckpointer.entitlements;
				CODE_SIGN_STYLE = Automatic;
				CURRENT_PROJECT_VERSION = 1;
				DEVELOPMENT_ASSET_PATHS = "Wreckpointer/Resources/Preview\\ Content";
				DEVELOPMENT_TEAM = MWQ8P93RWJ;
				ENABLE_PREVIEWS = YES;
				GENERATE_INFOPLIST_FILE = YES;
				INFOPLIST_FILE = Wreckpointer/Info.plist;
				INFOPLIST_KEY_CFBundleDisplayName = Wreckpointer;
				INFOPLIST_KEY_LSApplicationCategoryType = "public.app-category.education";
				INFOPLIST_KEY_UIApplicationSupportsIndirectInputEvents = YES;
				INFOPLIST_KEY_UILaunchScreen_Generation = YES;
				INFOPLIST_KEY_UISupportedInterfaceOrientations = UIInterfaceOrientationPortrait;
				INFOPLIST_KEY_UISupportedInterfaceOrientations_iPad = "UIInterfaceOrientationLandscapeLeft UIInterfaceOrientationLandscapeRight UIInterfaceOrientationPortrait UIInterfaceOrientationPortraitUpsideDown";
				IPHONEOS_DEPLOYMENT_TARGET = 16.0;
				LD_RUNPATH_SEARCH_PATHS = (
					"$(inherited)",
					"@executable_path/Frameworks",
				);
				MARKETING_VERSION = 0.1.0;
				PRODUCT_BUNDLE_IDENTIFIER = com.danyloternovoi.Wreckpointer;
				PRODUCT_NAME = "$(TARGET_NAME)";
				SUPPORTED_PLATFORMS = "iphoneos iphonesimulator";
				SUPPORTS_MACCATALYST = NO;
				SUPPORTS_MAC_DESIGNED_FOR_IPHONE_IPAD = NO;
				SWIFT_EMIT_LOC_STRINGS = YES;
				SWIFT_VERSION = 5.0;
				TARGETED_DEVICE_FAMILY = 1;
			};
			name = Release;
		};
/* End XCBuildConfiguration section */

/* Begin XCConfigurationList section */
		816E9FB429CAF74E00C3BC0F /* Build configuration list for PBXProject "Wreckpointer" */ = {
			isa = XCConfigurationList;
			buildConfigurations = (
				816E9FC529CAF75000C3BC0F /* Debug */,
				816E9FC629CAF75000C3BC0F /* Release */,
			);
			defaultConfigurationIsVisible = 0;
			defaultConfigurationName = Release;
		};
		816E9FC729CAF75000C3BC0F /* Build configuration list for PBXNativeTarget "Wreckpointer" */ = {
			isa = XCConfigurationList;
			buildConfigurations = (
				816E9FC829CAF75000C3BC0F /* Debug */,
				816E9FC929CAF75000C3BC0F /* Release */,
			);
			defaultConfigurationIsVisible = 0;
			defaultConfigurationName = Release;
		};
/* End XCConfigurationList section */
	};
	rootObject = 816E9FB129CAF74E00C3BC0F /* Project object */;
}
