// !$*UTF8*$!
{
	archiveVersion = 1;
	classes = {
	};
	objectVersion = 56;
	objects = {

/* Begin PBXBuildFile section */
		816761F32A8BB48E00A8A2A4 /* WreckpointerData.swift in Sources */ = {isa = PBXBuildFile; fileRef = 816761F22A8BB48E00A8A2A4 /* WreckpointerData.swift */; };
		816762042A8C378200A8A2A4 /* DoubleExtension.swift in Sources */ = {isa = PBXBuildFile; fileRef = 816762032A8C378200A8A2A4 /* DoubleExtension.swift */; };
		816E9FBD29CAF74E00C3BC0F /* WreckpointerApp.swift in Sources */ = {isa = PBXBuildFile; fileRef = 816E9FBC29CAF74E00C3BC0F /* WreckpointerApp.swift */; };
		816E9FC129CAF75000C3BC0F /* Assets.xcassets in Resources */ = {isa = PBXBuildFile; fileRef = 816E9FC029CAF75000C3BC0F /* Assets.xcassets */; };
		816E9FC429CAF75000C3BC0F /* Preview Assets.xcassets in Resources */ = {isa = PBXBuildFile; fileRef = 816E9FC329CAF75000C3BC0F /* Preview Assets.xcassets */; };
		8170AF482B21BFA400B45CDC /* WrecksListView.swift in Sources */ = {isa = PBXBuildFile; fileRef = 8170AF472B21BFA400B45CDC /* WrecksListView.swift */; };
		8170AF4B2B21C11B00B45CDC /* WreckRowView.swift in Sources */ = {isa = PBXBuildFile; fileRef = 8170AF4A2B21C11B00B45CDC /* WreckRowView.swift */; };
		8170AF512B21F7D100B45CDC /* WreckpointerViewModel.swift in Sources */ = {isa = PBXBuildFile; fileRef = 8170AF502B21F7D100B45CDC /* WreckpointerViewModel.swift */; };
		8170AF592B23800800B45CDC /* MapPanelView.swift in Sources */ = {isa = PBXBuildFile; fileRef = 8170AF582B23800800B45CDC /* MapPanelView.swift */; };
		8170AF602B23922F00B45CDC /* MapOverlayElements.swift in Sources */ = {isa = PBXBuildFile; fileRef = 8170AF5F2B23922F00B45CDC /* MapOverlayElements.swift */; };
		8170AF622B239CC300B45CDC /* ColoredBorderModifier.swift in Sources */ = {isa = PBXBuildFile; fileRef = 8170AF612B239CC300B45CDC /* ColoredBorderModifier.swift */; };
		8170AF652B23A64C00B45CDC /* AddWreckView.swift in Sources */ = {isa = PBXBuildFile; fileRef = 8170AF642B23A64C00B45CDC /* AddWreckView.swift */; };
		8182FE112B2470F800A130BC /* DegreeSymbolModifier.swift in Sources */ = {isa = PBXBuildFile; fileRef = 8182FE102B2470F800A130BC /* DegreeSymbolModifier.swift */; };
		8182FE132B24719500A130BC /* WreckRequiredFieldsPlate.swift in Sources */ = {isa = PBXBuildFile; fileRef = 8182FE122B24719500A130BC /* WreckRequiredFieldsPlate.swift */; };
		8182FE152B247D2C00A130BC /* WreckSelectorsPlate.swift in Sources */ = {isa = PBXBuildFile; fileRef = 8182FE142B247D2C00A130BC /* WreckSelectorsPlate.swift */; };
		8182FE172B247E9000A130BC /* WreckTypePickerView.swift in Sources */ = {isa = PBXBuildFile; fileRef = 8182FE162B247E9000A130BC /* WreckTypePickerView.swift */; };
		8182FE192B247F3A00A130BC /* WreckCausePickerView.swift in Sources */ = {isa = PBXBuildFile; fileRef = 8182FE182B247F3A00A130BC /* WreckCausePickerView.swift */; };
		8182FE1B2B2480CD00A130BC /* WreckAdditionalInfoPlate.swift in Sources */ = {isa = PBXBuildFile; fileRef = 8182FE1A2B2480CD00A130BC /* WreckAdditionalInfoPlate.swift */; };
		8182FE1D2B24859C00A130BC /* WreckImagePlate.swift in Sources */ = {isa = PBXBuildFile; fileRef = 8182FE1C2B24859C00A130BC /* WreckImagePlate.swift */; };
		8182FE1F2B2485AF00A130BC /* WreckDesctiptionPlate.swift in Sources */ = {isa = PBXBuildFile; fileRef = 8182FE1E2B2485AF00A130BC /* WreckDesctiptionPlate.swift */; };
		8182FE212B2487F800A130BC /* ImageView.swift in Sources */ = {isa = PBXBuildFile; fileRef = 8182FE202B2487F700A130BC /* ImageView.swift */; };
		8182FE232B24881200A130BC /* ImageSelectorView.swift in Sources */ = {isa = PBXBuildFile; fileRef = 8182FE222B24881200A130BC /* ImageSelectorView.swift */; };
		8182FE262B2495B600A130BC /* OptionsView.swift in Sources */ = {isa = PBXBuildFile; fileRef = 8182FE252B2495B600A130BC /* OptionsView.swift */; };
		81A7B4E82A86520600ABFEB8 /* WrecksManager.swift in Sources */ = {isa = PBXBuildFile; fileRef = 81A7B4E72A86520600ABFEB8 /* WrecksManager.swift */; };
		81A7B4F62A8695F600ABFEB8 /* HTTPRequestSender.swift in Sources */ = {isa = PBXBuildFile; fileRef = 81A7B4F52A8695F600ABFEB8 /* HTTPRequestSender.swift */; };
		81AF6E352B1B6740000C3CBB /* AccessTokenHelper.swift in Sources */ = {isa = PBXBuildFile; fileRef = 81AF6E342B1B6740000C3CBB /* AccessTokenHelper.swift */; };
		81AF6E372B1B6747000C3CBB /* CDEntitiesCoder.swift in Sources */ = {isa = PBXBuildFile; fileRef = 81AF6E362B1B6747000C3CBB /* CDEntitiesCoder.swift */; };
		81AF6E392B1B6793000C3CBB /* WreckpointerView.swift in Sources */ = {isa = PBXBuildFile; fileRef = 81AF6E382B1B6793000C3CBB /* WreckpointerView.swift */; };
		81AF6E3B2B1B6903000C3CBB /* MapView.swift in Sources */ = {isa = PBXBuildFile; fileRef = 81AF6E3A2B1B6903000C3CBB /* MapView.swift */; };
		81AF6E3D2B1B6913000C3CBB /* MapViewModel.swift in Sources */ = {isa = PBXBuildFile; fileRef = 81AF6E3C2B1B6913000C3CBB /* MapViewModel.swift */; };
		81AF6E412B1B88FC000C3CBB /* SelectedWreckPanel.swift in Sources */ = {isa = PBXBuildFile; fileRef = 81AF6E402B1B88FC000C3CBB /* SelectedWreckPanel.swift */; };
		81AF6E452B1B8911000C3CBB /* MapFilterView.swift in Sources */ = {isa = PBXBuildFile; fileRef = 81AF6E442B1B8911000C3CBB /* MapFilterView.swift */; };
		81AF6E4A2B1BA63C000C3CBB /* MapSearchBarView.swift in Sources */ = {isa = PBXBuildFile; fileRef = 81AF6E492B1BA63C000C3CBB /* MapSearchBarView.swift */; };
		81AF6E4E2B1BA7A3000C3CBB /* BorderButtonModifier.swift in Sources */ = {isa = PBXBuildFile; fileRef = 81AF6E4D2B1BA7A3000C3CBB /* BorderButtonModifier.swift */; };
		81AF6E502B1BA7AB000C3CBB /* GlassyFontModifier.swift in Sources */ = {isa = PBXBuildFile; fileRef = 81AF6E4F2B1BA7AB000C3CBB /* GlassyFontModifier.swift */; };
		81AF6E532B1BA7B6000C3CBB /* LinearBackgroundColor.swift in Sources */ = {isa = PBXBuildFile; fileRef = 81AF6E512B1BA7B6000C3CBB /* LinearBackgroundColor.swift */; };
		81AF6E542B1BA7B6000C3CBB /* NeonTextFieldModifier.swift in Sources */ = {isa = PBXBuildFile; fileRef = 81AF6E522B1BA7B6000C3CBB /* NeonTextFieldModifier.swift */; };
		81B6D0F62A601D4A00B5978F /* StringExtensions.swift in Sources */ = {isa = PBXBuildFile; fileRef = 81B6D0F52A601D4A00B5978F /* StringExtensions.swift */; };
		81BC90C52A84E68000147A23 /* HTTPErrors.swift in Sources */ = {isa = PBXBuildFile; fileRef = 81BC90C42A84E68000147A23 /* HTTPErrors.swift */; };
		81BC90C72A84E6A000147A23 /* HTTPRoutesEnums.swift in Sources */ = {isa = PBXBuildFile; fileRef = 81BC90C62A84E6A000147A23 /* HTTPRoutesEnums.swift */; };
		81BC90CB2A84E6DE00147A23 /* HTTPManagerEnums.swift in Sources */ = {isa = PBXBuildFile; fileRef = 81BC90CA2A84E6DE00147A23 /* HTTPManagerEnums.swift */; };
		81C84FD92A5C6C78004D01B2 /* JSONDataCoder.swift in Sources */ = {isa = PBXBuildFile; fileRef = 81C84FD62A5C6C78004D01B2 /* JSONDataCoder.swift */; };
		81E0E7672A5D7A7C00645AF0 /* Wreck.swift in Sources */ = {isa = PBXBuildFile; fileRef = 81E0E7662A5D7A7C00645AF0 /* Wreck.swift */; };
		81E0E7692A5D80F000645AF0 /* WreckTypes.swift in Sources */ = {isa = PBXBuildFile; fileRef = 81E0E7682A5D80F000645AF0 /* WreckTypes.swift */; };
		81E0E76B2A5D810300645AF0 /* WreckCauses.swift in Sources */ = {isa = PBXBuildFile; fileRef = 81E0E76A2A5D810300645AF0 /* WreckCauses.swift */; };
/* End PBXBuildFile section */

/* Begin PBXFileReference section */
		816761F22A8BB48E00A8A2A4 /* WreckpointerData.swift */ = {isa = PBXFileReference; lastKnownFileType = sourcecode.swift; path = WreckpointerData.swift; sourceTree = "<group>"; };
		816762032A8C378200A8A2A4 /* DoubleExtension.swift */ = {isa = PBXFileReference; lastKnownFileType = sourcecode.swift; path = DoubleExtension.swift; sourceTree = "<group>"; };
		816E9FB929CAF74E00C3BC0F /* Wreckpointer.app */ = {isa = PBXFileReference; explicitFileType = wrapper.application; includeInIndex = 0; path = Wreckpointer.app; sourceTree = BUILT_PRODUCTS_DIR; };
		816E9FBC29CAF74E00C3BC0F /* WreckpointerApp.swift */ = {isa = PBXFileReference; lastKnownFileType = sourcecode.swift; path = WreckpointerApp.swift; sourceTree = "<group>"; };
		816E9FC029CAF75000C3BC0F /* Assets.xcassets */ = {isa = PBXFileReference; lastKnownFileType = folder.assetcatalog; path = Assets.xcassets; sourceTree = "<group>"; };
		816E9FC329CAF75000C3BC0F /* Preview Assets.xcassets */ = {isa = PBXFileReference; lastKnownFileType = folder.assetcatalog; path = "Preview Assets.xcassets"; sourceTree = "<group>"; };
		816E9FE929CAF7FD00C3BC0F /* Wreckpointer.entitlements */ = {isa = PBXFileReference; lastKnownFileType = text.plist.entitlements; path = Wreckpointer.entitlements; sourceTree = "<group>"; };
		8170AF472B21BFA400B45CDC /* WrecksListView.swift */ = {isa = PBXFileReference; lastKnownFileType = sourcecode.swift; path = WrecksListView.swift; sourceTree = "<group>"; };
		8170AF4A2B21C11B00B45CDC /* WreckRowView.swift */ = {isa = PBXFileReference; lastKnownFileType = sourcecode.swift; path = WreckRowView.swift; sourceTree = "<group>"; };
		8170AF502B21F7D100B45CDC /* WreckpointerViewModel.swift */ = {isa = PBXFileReference; lastKnownFileType = sourcecode.swift; path = WreckpointerViewModel.swift; sourceTree = "<group>"; };
		8170AF582B23800800B45CDC /* MapPanelView.swift */ = {isa = PBXFileReference; lastKnownFileType = sourcecode.swift; path = MapPanelView.swift; sourceTree = "<group>"; };
		8170AF5F2B23922F00B45CDC /* MapOverlayElements.swift */ = {isa = PBXFileReference; lastKnownFileType = sourcecode.swift; path = MapOverlayElements.swift; sourceTree = "<group>"; };
		8170AF612B239CC300B45CDC /* ColoredBorderModifier.swift */ = {isa = PBXFileReference; lastKnownFileType = sourcecode.swift; path = ColoredBorderModifier.swift; sourceTree = "<group>"; };
		8170AF642B23A64C00B45CDC /* AddWreckView.swift */ = {isa = PBXFileReference; lastKnownFileType = sourcecode.swift; path = AddWreckView.swift; sourceTree = "<group>"; };
		8182FE102B2470F800A130BC /* DegreeSymbolModifier.swift */ = {isa = PBXFileReference; lastKnownFileType = sourcecode.swift; path = DegreeSymbolModifier.swift; sourceTree = "<group>"; };
		8182FE122B24719500A130BC /* WreckRequiredFieldsPlate.swift */ = {isa = PBXFileReference; lastKnownFileType = sourcecode.swift; path = WreckRequiredFieldsPlate.swift; sourceTree = "<group>"; };
		8182FE142B247D2C00A130BC /* WreckSelectorsPlate.swift */ = {isa = PBXFileReference; lastKnownFileType = sourcecode.swift; path = WreckSelectorsPlate.swift; sourceTree = "<group>"; };
		8182FE162B247E9000A130BC /* WreckTypePickerView.swift */ = {isa = PBXFileReference; lastKnownFileType = sourcecode.swift; path = WreckTypePickerView.swift; sourceTree = "<group>"; };
		8182FE182B247F3A00A130BC /* WreckCausePickerView.swift */ = {isa = PBXFileReference; lastKnownFileType = sourcecode.swift; path = WreckCausePickerView.swift; sourceTree = "<group>"; };
		8182FE1A2B2480CD00A130BC /* WreckAdditionalInfoPlate.swift */ = {isa = PBXFileReference; lastKnownFileType = sourcecode.swift; path = WreckAdditionalInfoPlate.swift; sourceTree = "<group>"; };
		8182FE1C2B24859C00A130BC /* WreckImagePlate.swift */ = {isa = PBXFileReference; lastKnownFileType = sourcecode.swift; path = WreckImagePlate.swift; sourceTree = "<group>"; };
		8182FE1E2B2485AF00A130BC /* WreckDesctiptionPlate.swift */ = {isa = PBXFileReference; lastKnownFileType = sourcecode.swift; path = WreckDesctiptionPlate.swift; sourceTree = "<group>"; };
		8182FE202B2487F700A130BC /* ImageView.swift */ = {isa = PBXFileReference; fileEncoding = 4; lastKnownFileType = sourcecode.swift; path = ImageView.swift; sourceTree = "<group>"; };
		8182FE222B24881200A130BC /* ImageSelectorView.swift */ = {isa = PBXFileReference; fileEncoding = 4; lastKnownFileType = sourcecode.swift; path = ImageSelectorView.swift; sourceTree = "<group>"; };
		8182FE252B2495B600A130BC /* OptionsView.swift */ = {isa = PBXFileReference; lastKnownFileType = sourcecode.swift; path = OptionsView.swift; sourceTree = "<group>"; };
		81A7B4E72A86520600ABFEB8 /* WrecksManager.swift */ = {isa = PBXFileReference; lastKnownFileType = sourcecode.swift; path = WrecksManager.swift; sourceTree = "<group>"; };
		81A7B4F52A8695F600ABFEB8 /* HTTPRequestSender.swift */ = {isa = PBXFileReference; lastKnownFileType = sourcecode.swift; path = HTTPRequestSender.swift; sourceTree = "<group>"; };
		81AF6E342B1B6740000C3CBB /* AccessTokenHelper.swift */ = {isa = PBXFileReference; fileEncoding = 4; lastKnownFileType = sourcecode.swift; path = AccessTokenHelper.swift; sourceTree = "<group>"; };
		81AF6E362B1B6747000C3CBB /* CDEntitiesCoder.swift */ = {isa = PBXFileReference; fileEncoding = 4; lastKnownFileType = sourcecode.swift; path = CDEntitiesCoder.swift; sourceTree = "<group>"; };
		81AF6E382B1B6793000C3CBB /* WreckpointerView.swift */ = {isa = PBXFileReference; lastKnownFileType = sourcecode.swift; path = WreckpointerView.swift; sourceTree = "<group>"; };
		81AF6E3A2B1B6903000C3CBB /* MapView.swift */ = {isa = PBXFileReference; fileEncoding = 4; lastKnownFileType = sourcecode.swift; path = MapView.swift; sourceTree = "<group>"; };
		81AF6E3C2B1B6913000C3CBB /* MapViewModel.swift */ = {isa = PBXFileReference; fileEncoding = 4; lastKnownFileType = sourcecode.swift; path = MapViewModel.swift; sourceTree = "<group>"; };
		81AF6E402B1B88FC000C3CBB /* SelectedWreckPanel.swift */ = {isa = PBXFileReference; fileEncoding = 4; lastKnownFileType = sourcecode.swift; path = SelectedWreckPanel.swift; sourceTree = "<group>"; };
		81AF6E442B1B8911000C3CBB /* MapFilterView.swift */ = {isa = PBXFileReference; fileEncoding = 4; lastKnownFileType = sourcecode.swift; path = MapFilterView.swift; sourceTree = "<group>"; };
		81AF6E492B1BA63C000C3CBB /* MapSearchBarView.swift */ = {isa = PBXFileReference; fileEncoding = 4; lastKnownFileType = sourcecode.swift; path = MapSearchBarView.swift; sourceTree = "<group>"; };
		81AF6E4D2B1BA7A3000C3CBB /* BorderButtonModifier.swift */ = {isa = PBXFileReference; fileEncoding = 4; lastKnownFileType = sourcecode.swift; path = BorderButtonModifier.swift; sourceTree = "<group>"; };
		81AF6E4F2B1BA7AB000C3CBB /* GlassyFontModifier.swift */ = {isa = PBXFileReference; fileEncoding = 4; lastKnownFileType = sourcecode.swift; path = GlassyFontModifier.swift; sourceTree = "<group>"; };
		81AF6E512B1BA7B6000C3CBB /* LinearBackgroundColor.swift */ = {isa = PBXFileReference; fileEncoding = 4; lastKnownFileType = sourcecode.swift; path = LinearBackgroundColor.swift; sourceTree = "<group>"; };
		81AF6E522B1BA7B6000C3CBB /* NeonTextFieldModifier.swift */ = {isa = PBXFileReference; fileEncoding = 4; lastKnownFileType = sourcecode.swift; path = NeonTextFieldModifier.swift; sourceTree = "<group>"; };
		81B6D0F52A601D4A00B5978F /* StringExtensions.swift */ = {isa = PBXFileReference; lastKnownFileType = sourcecode.swift; path = StringExtensions.swift; sourceTree = "<group>"; };
		81BC90C42A84E68000147A23 /* HTTPErrors.swift */ = {isa = PBXFileReference; lastKnownFileType = sourcecode.swift; path = HTTPErrors.swift; sourceTree = "<group>"; };
		81BC90C62A84E6A000147A23 /* HTTPRoutesEnums.swift */ = {isa = PBXFileReference; lastKnownFileType = sourcecode.swift; path = HTTPRoutesEnums.swift; sourceTree = "<group>"; };
		81BC90CA2A84E6DE00147A23 /* HTTPManagerEnums.swift */ = {isa = PBXFileReference; lastKnownFileType = sourcecode.swift; path = HTTPManagerEnums.swift; sourceTree = "<group>"; };
		81C84FD62A5C6C78004D01B2 /* JSONDataCoder.swift */ = {isa = PBXFileReference; fileEncoding = 4; lastKnownFileType = sourcecode.swift; path = JSONDataCoder.swift; sourceTree = "<group>"; };
		81E0E7662A5D7A7C00645AF0 /* Wreck.swift */ = {isa = PBXFileReference; lastKnownFileType = sourcecode.swift; path = Wreck.swift; sourceTree = "<group>"; };
		81E0E7682A5D80F000645AF0 /* WreckTypes.swift */ = {isa = PBXFileReference; lastKnownFileType = sourcecode.swift; path = WreckTypes.swift; sourceTree = "<group>"; };
		81E0E76A2A5D810300645AF0 /* WreckCauses.swift */ = {isa = PBXFileReference; lastKnownFileType = sourcecode.swift; path = WreckCauses.swift; sourceTree = "<group>"; };
		81E7102829D9C4C7008724FA /* Info.plist */ = {isa = PBXFileReference; lastKnownFileType = text.plist; path = Info.plist; sourceTree = "<group>"; };
/* End PBXFileReference section */

/* Begin PBXFrameworksBuildPhase section */
		816E9FB629CAF74E00C3BC0F /* Frameworks */ = {
			isa = PBXFrameworksBuildPhase;
			buildActionMask = 2147483647;
			files = (
			);
			runOnlyForDeploymentPostprocessing = 0;
		};
/* End PBXFrameworksBuildPhase section */

/* Begin PBXGroup section */
		8111B2832A5DE67B0038DD53 /* Enums */ = {
			isa = PBXGroup;
			children = (
				81E0E7682A5D80F000645AF0 /* WreckTypes.swift */,
				81E0E76A2A5D810300645AF0 /* WreckCauses.swift */,
				81BC90C42A84E68000147A23 /* HTTPErrors.swift */,
				81BC90C62A84E6A000147A23 /* HTTPRoutesEnums.swift */,
				81BC90CA2A84E6DE00147A23 /* HTTPManagerEnums.swift */,
				8170AF5F2B23922F00B45CDC /* MapOverlayElements.swift */,
			);
			path = Enums;
			sourceTree = "<group>";
		};
		816761ED2A8BB45900A8A2A4 /* EnvironmentalObjects */ = {
			isa = PBXGroup;
			children = (
				816761F22A8BB48E00A8A2A4 /* WreckpointerData.swift */,
			);
			path = EnvironmentalObjects;
			sourceTree = "<group>";
		};
		816E9FB029CAF74E00C3BC0F = {
			isa = PBXGroup;
			children = (
				816E9FBB29CAF74E00C3BC0F /* Wreckpointer */,
				818EA38C29D1E1F400C83951 /* Frameworks */,
			);
			sourceTree = "<group>";
		};
		816E9FBA29CAF74E00C3BC0F /* Products */ = {
			isa = PBXGroup;
			children = (
				816E9FB929CAF74E00C3BC0F /* Wreckpointer.app */,
			);
			name = Products;
			path = ..;
			sourceTree = "<group>";
		};
		816E9FBB29CAF74E00C3BC0F /* Wreckpointer */ = {
			isa = PBXGroup;
			children = (
				816E9FBC29CAF74E00C3BC0F /* WreckpointerApp.swift */,
				816761ED2A8BB45900A8A2A4 /* EnvironmentalObjects */,
				816E9FCA29CAF78300C3BC0F /* Views */,
				816E9FDA29CAF78300C3BC0F /* ViewModels */,
				816E9FD729CAF78300C3BC0F /* Models */,
				81C84FD32A5C6B66004D01B2 /* Managers */,
				81A7B4EB2A865D1F00ABFEB8 /* Utilities */,
				8111B2832A5DE67B0038DD53 /* Enums */,
				81B6D0F42A601D2B00B5978F /* Extensions */,
				81C84FDB2A5C6D2E004D01B2 /* Supporting */,
				816E9FE929CAF7FD00C3BC0F /* Wreckpointer.entitlements */,
				81E7102829D9C4C7008724FA /* Info.plist */,
				816E9FBA29CAF74E00C3BC0F /* Products */,
			);
			path = Wreckpointer;
			sourceTree = "<group>";
		};
		816E9FC229CAF75000C3BC0F /* Preview Content */ = {
			isa = PBXGroup;
			children = (
				816E9FC329CAF75000C3BC0F /* Preview Assets.xcassets */,
			);
			path = "Preview Content";
			sourceTree = "<group>";
		};
		816E9FCA29CAF78300C3BC0F /* Views */ = {
			isa = PBXGroup;
			children = (
				81AF6E382B1B6793000C3CBB /* WreckpointerView.swift */,
				81AF6E482B1B8DBC000C3CBB /* Map */,
				8182FE242B2495A500A130BC /* Options */,
				8170AF462B21BF8100B45CDC /* WrecksList */,
				8170AF492B21C0C300B45CDC /* Supporting */,
				81AF6E4C2B1BA788000C3CBB /* ViewModifiers */,
			);
			path = Views;
			sourceTree = "<group>";
		};
		816E9FD729CAF78300C3BC0F /* Models */ = {
			isa = PBXGroup;
			children = (
				81E0E7662A5D7A7C00645AF0 /* Wreck.swift */,
			);
			path = Models;
			sourceTree = "<group>";
		};
		816E9FDA29CAF78300C3BC0F /* ViewModels */ = {
			isa = PBXGroup;
			children = (
				8170AF502B21F7D100B45CDC /* WreckpointerViewModel.swift */,
				81AF6E3C2B1B6913000C3CBB /* MapViewModel.swift */,
			);
			path = ViewModels;
			sourceTree = "<group>";
		};
		8170AF462B21BF8100B45CDC /* WrecksList */ = {
			isa = PBXGroup;
			children = (
				8170AF472B21BFA400B45CDC /* WrecksListView.swift */,
			);
			path = WrecksList;
			sourceTree = "<group>";
		};
		8170AF492B21C0C300B45CDC /* Supporting */ = {
			isa = PBXGroup;
			children = (
				8170AF4A2B21C11B00B45CDC /* WreckRowView.swift */,
				8182FE222B24881200A130BC /* ImageSelectorView.swift */,
				8182FE202B2487F700A130BC /* ImageView.swift */,
				8182FE162B247E9000A130BC /* WreckTypePickerView.swift */,
				8182FE182B247F3A00A130BC /* WreckCausePickerView.swift */,
			);
			path = Supporting;
			sourceTree = "<group>";
		};
		8170AF632B23A63300B45CDC /* AddWreck */ = {
			isa = PBXGroup;
			children = (
				8170AF642B23A64C00B45CDC /* AddWreckView.swift */,
				8182FE122B24719500A130BC /* WreckRequiredFieldsPlate.swift */,
				8182FE142B247D2C00A130BC /* WreckSelectorsPlate.swift */,
				8182FE1A2B2480CD00A130BC /* WreckAdditionalInfoPlate.swift */,
				8182FE1C2B24859C00A130BC /* WreckImagePlate.swift */,
				8182FE1E2B2485AF00A130BC /* WreckDesctiptionPlate.swift */,
			);
			path = AddWreck;
			sourceTree = "<group>";
		};
		8182FE242B2495A500A130BC /* Options */ = {
			isa = PBXGroup;
			children = (
				8182FE252B2495B600A130BC /* OptionsView.swift */,
			);
			path = Options;
			sourceTree = "<group>";
		};
		818EA38C29D1E1F400C83951 /* Frameworks */ = {
			isa = PBXGroup;
			children = (
			);
			name = Frameworks;
			sourceTree = "<group>";
		};
		81A7B4EB2A865D1F00ABFEB8 /* Utilities */ = {
			isa = PBXGroup;
			children = (
				81C84FD62A5C6C78004D01B2 /* JSONDataCoder.swift */,
				81A7B4F52A8695F600ABFEB8 /* HTTPRequestSender.swift */,
			);
			path = Utilities;
			sourceTree = "<group>";
		};
		81AF6E482B1B8DBC000C3CBB /* Map */ = {
			isa = PBXGroup;
			children = (
				81AF6E3A2B1B6903000C3CBB /* MapView.swift */,
				8170AF582B23800800B45CDC /* MapPanelView.swift */,
				81AF6E492B1BA63C000C3CBB /* MapSearchBarView.swift */,
				81AF6E442B1B8911000C3CBB /* MapFilterView.swift */,
				81AF6E402B1B88FC000C3CBB /* SelectedWreckPanel.swift */,
				8170AF632B23A63300B45CDC /* AddWreck */,
			);
			path = Map;
			sourceTree = "<group>";
		};
		81AF6E4C2B1BA788000C3CBB /* ViewModifiers */ = {
			isa = PBXGroup;
			children = (
				81AF6E4D2B1BA7A3000C3CBB /* BorderButtonModifier.swift */,
				81AF6E4F2B1BA7AB000C3CBB /* GlassyFontModifier.swift */,
				81AF6E512B1BA7B6000C3CBB /* LinearBackgroundColor.swift */,
				81AF6E522B1BA7B6000C3CBB /* NeonTextFieldModifier.swift */,
				8170AF612B239CC300B45CDC /* ColoredBorderModifier.swift */,
				8182FE102B2470F800A130BC /* DegreeSymbolModifier.swift */,
			);
			path = ViewModifiers;
			sourceTree = "<group>";
		};
		81B6D0F42A601D2B00B5978F /* Extensions */ = {
			isa = PBXGroup;
			children = (
				81B6D0F52A601D4A00B5978F /* StringExtensions.swift */,
				816762032A8C378200A8A2A4 /* DoubleExtension.swift */,
			);
			path = Extensions;
			sourceTree = "<group>";
		};
		81C84FD32A5C6B66004D01B2 /* Managers */ = {
			isa = PBXGroup;
			children = (
				81A7B4E72A86520600ABFEB8 /* WrecksManager.swift */,
				81AF6E362B1B6747000C3CBB /* CDEntitiesCoder.swift */,
				81AF6E342B1B6740000C3CBB /* AccessTokenHelper.swift */,
			);
			path = Managers;
			sourceTree = "<group>";
		};
		81C84FDB2A5C6D2E004D01B2 /* Supporting */ = {
			isa = PBXGroup;
			children = (
				816E9FC029CAF75000C3BC0F /* Assets.xcassets */,
				816E9FC229CAF75000C3BC0F /* Preview Content */,
			);
			path = Supporting;
			sourceTree = "<group>";
		};
/* End PBXGroup section */

/* Begin PBXNativeTarget section */
		816E9FB829CAF74E00C3BC0F /* Wreckpointer */ = {
			isa = PBXNativeTarget;
			buildConfigurationList = 816E9FC729CAF75000C3BC0F /* Build configuration list for PBXNativeTarget "Wreckpointer" */;
			buildPhases = (
				816E9FB529CAF74E00C3BC0F /* Sources */,
				816E9FB629CAF74E00C3BC0F /* Frameworks */,
				816E9FB729CAF74E00C3BC0F /* Resources */,
			);
			buildRules = (
			);
			dependencies = (
			);
			name = Wreckpointer;
			packageProductDependencies = (
			);
			productName = Wreckpointer;
			productReference = 816E9FB929CAF74E00C3BC0F /* Wreckpointer.app */;
			productType = "com.apple.product-type.application";
		};
/* End PBXNativeTarget section */

/* Begin PBXProject section */
		816E9FB129CAF74E00C3BC0F /* Project object */ = {
			isa = PBXProject;
			attributes = {
				BuildIndependentTargetsInParallel = 1;
				LastSwiftUpdateCheck = 1420;
				LastUpgradeCheck = 1500;
				TargetAttributes = {
					816E9FB829CAF74E00C3BC0F = {
						CreatedOnToolsVersion = 14.2;
					};
				};
			};
			buildConfigurationList = 816E9FB429CAF74E00C3BC0F /* Build configuration list for PBXProject "Wreckpointer" */;
			compatibilityVersion = "Xcode 14.0";
			developmentRegion = en;
			hasScannedForEncodings = 0;
			knownRegions = (
				en,
				Base,
			);
			mainGroup = 816E9FB029CAF74E00C3BC0F;
			packageReferences = (
			);
			productRefGroup = 816E9FBA29CAF74E00C3BC0F /* Products */;
			projectDirPath = "";
			projectRoot = "";
			targets = (
				816E9FB829CAF74E00C3BC0F /* Wreckpointer */,
			);
		};
/* End PBXProject section */

/* Begin PBXResourcesBuildPhase section */
		816E9FB729CAF74E00C3BC0F /* Resources */ = {
			isa = PBXResourcesBuildPhase;
			buildActionMask = 2147483647;
			files = (
				816E9FC429CAF75000C3BC0F /* Preview Assets.xcassets in Resources */,
				816E9FC129CAF75000C3BC0F /* Assets.xcassets in Resources */,
			);
			runOnlyForDeploymentPostprocessing = 0;
		};
/* End PBXResourcesBuildPhase section */

/* Begin PBXSourcesBuildPhase section */
		816E9FB529CAF74E00C3BC0F /* Sources */ = {
			isa = PBXSourcesBuildPhase;
			buildActionMask = 2147483647;
			files = (
				81AF6E412B1B88FC000C3CBB /* SelectedWreckPanel.swift in Sources */,
				81BC90C52A84E68000147A23 /* HTTPErrors.swift in Sources */,
				8182FE212B2487F800A130BC /* ImageView.swift in Sources */,
				8182FE152B247D2C00A130BC /* WreckSelectorsPlate.swift in Sources */,
				81A7B4E82A86520600ABFEB8 /* WrecksManager.swift in Sources */,
				81E0E76B2A5D810300645AF0 /* WreckCauses.swift in Sources */,
				81E0E7692A5D80F000645AF0 /* WreckTypes.swift in Sources */,
				8182FE1F2B2485AF00A130BC /* WreckDesctiptionPlate.swift in Sources */,
				81AF6E352B1B6740000C3CBB /* AccessTokenHelper.swift in Sources */,
				81AF6E4E2B1BA7A3000C3CBB /* BorderButtonModifier.swift in Sources */,
				8170AF512B21F7D100B45CDC /* WreckpointerViewModel.swift in Sources */,
				816E9FBD29CAF74E00C3BC0F /* WreckpointerApp.swift in Sources */,
				8182FE112B2470F800A130BC /* DegreeSymbolModifier.swift in Sources */,
				8170AF602B23922F00B45CDC /* MapOverlayElements.swift in Sources */,
				81AF6E3B2B1B6903000C3CBB /* MapView.swift in Sources */,
				81AF6E532B1BA7B6000C3CBB /* LinearBackgroundColor.swift in Sources */,
				8182FE1D2B24859C00A130BC /* WreckImagePlate.swift in Sources */,
				8182FE1B2B2480CD00A130BC /* WreckAdditionalInfoPlate.swift in Sources */,
				81AF6E392B1B6793000C3CBB /* WreckpointerView.swift in Sources */,
				8170AF652B23A64C00B45CDC /* AddWreckView.swift in Sources */,
				81AF6E452B1B8911000C3CBB /* MapFilterView.swift in Sources */,
				81BC90C72A84E6A000147A23 /* HTTPRoutesEnums.swift in Sources */,
				8182FE192B247F3A00A130BC /* WreckCausePickerView.swift in Sources */,
				81AF6E372B1B6747000C3CBB /* CDEntitiesCoder.swift in Sources */,
				8170AF622B239CC300B45CDC /* ColoredBorderModifier.swift in Sources */,
				8182FE132B24719500A130BC /* WreckRequiredFieldsPlate.swift in Sources */,
				81AF6E3D2B1B6913000C3CBB /* MapViewModel.swift in Sources */,
				81E0E7672A5D7A7C00645AF0 /* Wreck.swift in Sources */,
				8182FE172B247E9000A130BC /* WreckTypePickerView.swift in Sources */,
				81AF6E502B1BA7AB000C3CBB /* GlassyFontModifier.swift in Sources */,
				816761F32A8BB48E00A8A2A4 /* WreckpointerData.swift in Sources */,
				81C84FD92A5C6C78004D01B2 /* JSONDataCoder.swift in Sources */,
				8170AF4B2B21C11B00B45CDC /* WreckRowView.swift in Sources */,
				8170AF482B21BFA400B45CDC /* WrecksListView.swift in Sources */,
				81AF6E4A2B1BA63C000C3CBB /* MapSearchBarView.swift in Sources */,
				81AF6E542B1BA7B6000C3CBB /* NeonTextFieldModifier.swift in Sources */,
				8182FE262B2495B600A130BC /* OptionsView.swift in Sources */,
				816762042A8C378200A8A2A4 /* DoubleExtension.swift in Sources */,
				81BC90CB2A84E6DE00147A23 /* HTTPManagerEnums.swift in Sources */,
				8170AF592B23800800B45CDC /* MapPanelView.swift in Sources */,
				8182FE232B24881200A130BC /* ImageSelectorView.swift in Sources */,
				81A7B4F62A8695F600ABFEB8 /* HTTPRequestSender.swift in Sources */,
				81B6D0F62A601D4A00B5978F /* StringExtensions.swift in Sources */,
			);
			runOnlyForDeploymentPostprocessing = 0;
		};
/* End PBXSourcesBuildPhase section */

/* Begin XCBuildConfiguration section */
		816E9FC529CAF75000C3BC0F /* Debug */ = {
			isa = XCBuildConfiguration;
			buildSettings = {
				ALWAYS_SEARCH_USER_PATHS = NO;
				CLANG_ANALYZER_NONNULL = YES;
				CLANG_ANALYZER_NUMBER_OBJECT_CONVERSION = YES_AGGRESSIVE;
				CLANG_CXX_LANGUAGE_STANDARD = "gnu++20";
				CLANG_ENABLE_MODULES = YES;
				CLANG_ENABLE_OBJC_ARC = YES;
				CLANG_ENABLE_OBJC_WEAK = YES;
				CLANG_WARN_BLOCK_CAPTURE_AUTORELEASING = YES;
				CLANG_WARN_BOOL_CONVERSION = YES;
				CLANG_WARN_COMMA = YES;
				CLANG_WARN_CONSTANT_CONVERSION = YES;
				CLANG_WARN_DEPRECATED_OBJC_IMPLEMENTATIONS = YES;
				CLANG_WARN_DIRECT_OBJC_ISA_USAGE = YES_ERROR;
				CLANG_WARN_DOCUMENTATION_COMMENTS = YES;
				CLANG_WARN_EMPTY_BODY = YES;
				CLANG_WARN_ENUM_CONVERSION = YES;
				CLANG_WARN_INFINITE_RECURSION = YES;
				CLANG_WARN_INT_CONVERSION = YES;
				CLANG_WARN_NON_LITERAL_NULL_CONVERSION = YES;
				CLANG_WARN_OBJC_IMPLICIT_RETAIN_SELF = YES;
				CLANG_WARN_OBJC_LITERAL_CONVERSION = YES;
				CLANG_WARN_OBJC_ROOT_CLASS = YES_ERROR;
				CLANG_WARN_QUOTED_INCLUDE_IN_FRAMEWORK_HEADER = YES;
				CLANG_WARN_RANGE_LOOP_ANALYSIS = YES;
				CLANG_WARN_STRICT_PROTOTYPES = YES;
				CLANG_WARN_SUSPICIOUS_MOVE = YES;
				CLANG_WARN_UNGUARDED_AVAILABILITY = YES_AGGRESSIVE;
				CLANG_WARN_UNREACHABLE_CODE = YES;
				CLANG_WARN__DUPLICATE_METHOD_MATCH = YES;
				COPY_PHASE_STRIP = NO;
				DEBUG_INFORMATION_FORMAT = dwarf;
				ENABLE_STRICT_OBJC_MSGSEND = YES;
				ENABLE_TESTABILITY = YES;
				ENABLE_USER_SCRIPT_SANDBOXING = YES;
				GCC_C_LANGUAGE_STANDARD = gnu11;
				GCC_DYNAMIC_NO_PIC = NO;
				GCC_NO_COMMON_BLOCKS = YES;
				GCC_OPTIMIZATION_LEVEL = 0;
				GCC_PREPROCESSOR_DEFINITIONS = (
					"DEBUG=1",
					"$(inherited)",
				);
				GCC_WARN_64_TO_32_BIT_CONVERSION = YES;
				GCC_WARN_ABOUT_RETURN_TYPE = YES_ERROR;
				GCC_WARN_UNDECLARED_SELECTOR = YES;
				GCC_WARN_UNINITIALIZED_AUTOS = YES_AGGRESSIVE;
				GCC_WARN_UNUSED_FUNCTION = YES;
				GCC_WARN_UNUSED_VARIABLE = YES;
				IPHONEOS_DEPLOYMENT_TARGET = 15.0;
				MTL_ENABLE_DEBUG_INFO = INCLUDE_SOURCE;
				MTL_FAST_MATH = YES;
				ONLY_ACTIVE_ARCH = YES;
				SDKROOT = iphoneos;
				SWIFT_ACTIVE_COMPILATION_CONDITIONS = DEBUG;
				SWIFT_OPTIMIZATION_LEVEL = "-Onone";
			};
			name = Debug;
		};
		816E9FC629CAF75000C3BC0F /* Release */ = {
			isa = XCBuildConfiguration;
			buildSettings = {
				ALWAYS_SEARCH_USER_PATHS = NO;
				CLANG_ANALYZER_NONNULL = YES;
				CLANG_ANALYZER_NUMBER_OBJECT_CONVERSION = YES_AGGRESSIVE;
				CLANG_CXX_LANGUAGE_STANDARD = "gnu++20";
				CLANG_ENABLE_MODULES = YES;
				CLANG_ENABLE_OBJC_ARC = YES;
				CLANG_ENABLE_OBJC_WEAK = YES;
				CLANG_WARN_BLOCK_CAPTURE_AUTORELEASING = YES;
				CLANG_WARN_BOOL_CONVERSION = YES;
				CLANG_WARN_COMMA = YES;
				CLANG_WARN_CONSTANT_CONVERSION = YES;
				CLANG_WARN_DEPRECATED_OBJC_IMPLEMENTATIONS = YES;
				CLANG_WARN_DIRECT_OBJC_ISA_USAGE = YES_ERROR;
				CLANG_WARN_DOCUMENTATION_COMMENTS = YES;
				CLANG_WARN_EMPTY_BODY = YES;
				CLANG_WARN_ENUM_CONVERSION = YES;
				CLANG_WARN_INFINITE_RECURSION = YES;
				CLANG_WARN_INT_CONVERSION = YES;
				CLANG_WARN_NON_LITERAL_NULL_CONVERSION = YES;
				CLANG_WARN_OBJC_IMPLICIT_RETAIN_SELF = YES;
				CLANG_WARN_OBJC_LITERAL_CONVERSION = YES;
				CLANG_WARN_OBJC_ROOT_CLASS = YES_ERROR;
				CLANG_WARN_QUOTED_INCLUDE_IN_FRAMEWORK_HEADER = YES;
				CLANG_WARN_RANGE_LOOP_ANALYSIS = YES;
				CLANG_WARN_STRICT_PROTOTYPES = YES;
				CLANG_WARN_SUSPICIOUS_MOVE = YES;
				CLANG_WARN_UNGUARDED_AVAILABILITY = YES_AGGRESSIVE;
				CLANG_WARN_UNREACHABLE_CODE = YES;
				CLANG_WARN__DUPLICATE_METHOD_MATCH = YES;
				COPY_PHASE_STRIP = NO;
				DEBUG_INFORMATION_FORMAT = "dwarf-with-dsym";
				ENABLE_NS_ASSERTIONS = NO;
				ENABLE_STRICT_OBJC_MSGSEND = YES;
				ENABLE_USER_SCRIPT_SANDBOXING = YES;
				GCC_C_LANGUAGE_STANDARD = gnu11;
				GCC_NO_COMMON_BLOCKS = YES;
				GCC_WARN_64_TO_32_BIT_CONVERSION = YES;
				GCC_WARN_ABOUT_RETURN_TYPE = YES_ERROR;
				GCC_WARN_UNDECLARED_SELECTOR = YES;
				GCC_WARN_UNINITIALIZED_AUTOS = YES_AGGRESSIVE;
				GCC_WARN_UNUSED_FUNCTION = YES;
				GCC_WARN_UNUSED_VARIABLE = YES;
				IPHONEOS_DEPLOYMENT_TARGET = 15.0;
				MTL_ENABLE_DEBUG_INFO = NO;
				MTL_FAST_MATH = YES;
				SDKROOT = iphoneos;
				SWIFT_COMPILATION_MODE = wholemodule;
				SWIFT_OPTIMIZATION_LEVEL = "-O";
				VALIDATE_PRODUCT = YES;
			};
			name = Release;
		};
		816E9FC829CAF75000C3BC0F /* Debug */ = {
			isa = XCBuildConfiguration;
			buildSettings = {
				ASSETCATALOG_COMPILER_APPICON_NAME = AppIcon;
				ASSETCATALOG_COMPILER_GLOBAL_ACCENT_COLOR_NAME = AccentColor;
				CODE_SIGN_ENTITLEMENTS = Wreckpointer/Wreckpointer.entitlements;
				CODE_SIGN_IDENTITY = "Apple Development";
				CODE_SIGN_STYLE = Automatic;
				CURRENT_PROJECT_VERSION = 1;
				DEVELOPMENT_ASSET_PATHS = "Wreckpointer/Supporting/Preview\\ Content";
				DEVELOPMENT_TEAM = MWQ8P93RWJ;
				ENABLE_PREVIEWS = YES;
				GENERATE_INFOPLIST_FILE = YES;
				INFOPLIST_FILE = Wreckpointer/Info.plist;
				INFOPLIST_KEY_CFBundleDisplayName = Wreckpointer;
				INFOPLIST_KEY_LSApplicationCategoryType = "public.app-category.education";
				INFOPLIST_KEY_UIApplicationSupportsIndirectInputEvents = YES;
				INFOPLIST_KEY_UILaunchScreen_Generation = YES;
				INFOPLIST_KEY_UISupportedInterfaceOrientations = UIInterfaceOrientationPortrait;
				IPHONEOS_DEPLOYMENT_TARGET = 15.0;
				LD_RUNPATH_SEARCH_PATHS = (
					"$(inherited)",
					"@executable_path/Frameworks",
				);
				MARKETING_VERSION = 2.0;
				PRODUCT_BUNDLE_IDENTIFIER = com.danyloternovoi.Wreckpointer;
				PRODUCT_NAME = "$(TARGET_NAME)";
				PROVISIONING_PROFILE_SPECIFIER = "";
				SUPPORTED_PLATFORMS = "iphoneos iphonesimulator";
				SUPPORTS_MACCATALYST = NO;
				SUPPORTS_MAC_DESIGNED_FOR_IPHONE_IPAD = NO;
				SWIFT_EMIT_LOC_STRINGS = YES;
				SWIFT_VERSION = 5.0;
				TARGETED_DEVICE_FAMILY = "1,2";
			};
			name = Debug;
		};
		816E9FC929CAF75000C3BC0F /* Release */ = {
			isa = XCBuildConfiguration;
			buildSettings = {
				ASSETCATALOG_COMPILER_APPICON_NAME = AppIcon;
				ASSETCATALOG_COMPILER_GLOBAL_ACCENT_COLOR_NAME = AccentColor;
				CODE_SIGN_ENTITLEMENTS = Wreckpointer/Wreckpointer.entitlements;
				CODE_SIGN_IDENTITY = "Apple Development";
				CODE_SIGN_STYLE = Automatic;
				CURRENT_PROJECT_VERSION = 1;
				DEVELOPMENT_ASSET_PATHS = "Wreckpointer/Supporting/Preview\\ Content";
				DEVELOPMENT_TEAM = MWQ8P93RWJ;
				ENABLE_PREVIEWS = YES;
				GENERATE_INFOPLIST_FILE = YES;
				INFOPLIST_FILE = Wreckpointer/Info.plist;
				INFOPLIST_KEY_CFBundleDisplayName = Wreckpointer;
				INFOPLIST_KEY_LSApplicationCategoryType = "public.app-category.education";
				INFOPLIST_KEY_UIApplicationSupportsIndirectInputEvents = YES;
				INFOPLIST_KEY_UILaunchScreen_Generation = YES;
				INFOPLIST_KEY_UISupportedInterfaceOrientations = UIInterfaceOrientationPortrait;
				IPHONEOS_DEPLOYMENT_TARGET = 15.0;
				LD_RUNPATH_SEARCH_PATHS = (
					"$(inherited)",
					"@executable_path/Frameworks",
				);
				MARKETING_VERSION = 2.0;
				PRODUCT_BUNDLE_IDENTIFIER = com.danyloternovoi.Wreckpointer;
				PRODUCT_NAME = "$(TARGET_NAME)";
				PROVISIONING_PROFILE_SPECIFIER = "";
				SUPPORTED_PLATFORMS = "iphoneos iphonesimulator";
				SUPPORTS_MACCATALYST = NO;
				SUPPORTS_MAC_DESIGNED_FOR_IPHONE_IPAD = NO;
				SWIFT_EMIT_LOC_STRINGS = YES;
				SWIFT_VERSION = 5.0;
				TARGETED_DEVICE_FAMILY = "1,2";
			};
			name = Release;
		};
/* End XCBuildConfiguration section */

/* Begin XCConfigurationList section */
		816E9FB429CAF74E00C3BC0F /* Build configuration list for PBXProject "Wreckpointer" */ = {
			isa = XCConfigurationList;
			buildConfigurations = (
				816E9FC529CAF75000C3BC0F /* Debug */,
				816E9FC629CAF75000C3BC0F /* Release */,
			);
			defaultConfigurationIsVisible = 0;
			defaultConfigurationName = Release;
		};
		816E9FC729CAF75000C3BC0F /* Build configuration list for PBXNativeTarget "Wreckpointer" */ = {
			isa = XCConfigurationList;
			buildConfigurations = (
				816E9FC829CAF75000C3BC0F /* Debug */,
				816E9FC929CAF75000C3BC0F /* Release */,
			);
			defaultConfigurationIsVisible = 0;
			defaultConfigurationName = Release;
		};
/* End XCConfigurationList section */
	};
	rootObject = 816E9FB129CAF74E00C3BC0F /* Project object */;
}
